<?xml version="1.0" encoding="utf-8"?>
<Project ToolsVersion="4.0" xmlns="http://schemas.microsoft.com/developer/msbuild/2003">
  <ItemGroup>
    <Filter Include="Shaders">
      <UniqueIdentifier>{4cc279fc-92e1-51e4-a50f-52a3df29a34b}</UniqueIdentifier>
    </Filter>
    <Filter Include="Shaders\Common">
      <UniqueIdentifier>{bb752121-f45d-1257-77ec-8e24c8f1d865}</UniqueIdentifier>
    </Filter>
    <Filter Include="Source">
      <UniqueIdentifier>{1ee46e81-363c-7c61-8681-bee8655fa7d6}</UniqueIdentifier>
    </Filter>
    <Filter Include="Source\Editor">
      <UniqueIdentifier>{879fdc11-4e44-c448-2bbf-5fd281dc244f}</UniqueIdentifier>
    </Filter>
    <Filter Include="Source\Editor\PIE">
      <UniqueIdentifier>{1485fbd8-4084-14c8-cd14-33798c9651d4}</UniqueIdentifier>
    </Filter>
    <Filter Include="Source\Editor\Selection">
      <UniqueIdentifier>{024578ed-1bd0-0e0e-b5f9-209501f28d5c}</UniqueIdentifier>
    </Filter>
    <Filter Include="Source\Editor\Settings">
      <UniqueIdentifier>{7a51210c-716f-6661-7da2-49e10cc57a1b}</UniqueIdentifier>
    </Filter>
    <Filter Include="Source\Editor\Subsystem">
      <UniqueIdentifier>{6389b5b6-14f6-237a-9b3e-284fd2a8c8d5}</UniqueIdentifier>
    </Filter>
    <Filter Include="Source\Editor\UI">
      <UniqueIdentifier>{d23c3ab5-7e26-ff59-be61-b2a81e9921c0}</UniqueIdentifier>
    </Filter>
    <Filter Include="Source\Editor\Viewport">
      <UniqueIdentifier>{42b90bf1-e993-e912-0e50-58d7095d5e8c}</UniqueIdentifier>
    </Filter>
    <Filter Include="Source\Engine">
      <UniqueIdentifier>{d0b56061-5521-9f21-3d03-1e11f47e99a7}</UniqueIdentifier>
    </Filter>
    <Filter Include="Source\Engine\Collision">
      <UniqueIdentifier>{0a1ac0a6-fa86-45a3-c38e-91b60c7ce3cf}</UniqueIdentifier>
    </Filter>
    <Filter Include="Source\Engine\Component">
      <UniqueIdentifier>{22bbd7c0-73bc-1bc4-992f-be08238b1609}</UniqueIdentifier>
    </Filter>
    <Filter Include="Source\Engine\Core">
      <UniqueIdentifier>{aaeb2f3f-eff4-9d0e-a471-82c1372b9aed}</UniqueIdentifier>
    </Filter>
    <Filter Include="Source\Engine\GameFramework">
      <UniqueIdentifier>{743ddc11-5d76-490b-ec9f-e2fb16e32a8c}</UniqueIdentifier>
    </Filter>
    <Filter Include="Source\Engine\Input">
      <UniqueIdentifier>{c563256b-2b89-b89b-5f9e-409fc19b723f}</UniqueIdentifier>
    </Filter>
    <Filter Include="Source\Engine\Materials">
      <UniqueIdentifier>{0d06ac75-3073-6c4d-1a46-4fbda12823ff}</UniqueIdentifier>
    </Filter>
    <Filter Include="Source\Engine\Math">
      <UniqueIdentifier>{46de3e62-85b2-9f3b-da45-712c96b11891}</UniqueIdentifier>
    </Filter>
    <Filter Include="Source\Engine\Mesh">
      <UniqueIdentifier>{bbebedbe-cba0-a169-fed5-d9f090687300}</UniqueIdentifier>
    </Filter>
    <Filter Include="Source\Engine\Object">
      <UniqueIdentifier>{f6219ff0-0046-2f35-71f3-ad6383da3d2c}</UniqueIdentifier>
    </Filter>
    <Filter Include="Source\Engine\Platform">
      <UniqueIdentifier>{813e0a37-91de-2afc-805f-1a0f801727b9}</UniqueIdentifier>
    </Filter>
    <Filter Include="Source\Engine\Profiling">
      <UniqueIdentifier>{5383532c-a400-5456-f688-3437e29a15f3}</UniqueIdentifier>
    </Filter>
    <Filter Include="Source\Engine\Render">
      <UniqueIdentifier>{16ec6128-166d-ab0f-2135-c0c61f984faf}</UniqueIdentifier>
    </Filter>
    <Filter Include="Source\Engine\Render\Bindings">
      <UniqueIdentifier>{dd37f79d-6ad7-6d20-af49-e5cfcc4e8b08}</UniqueIdentifier>
    </Filter>
    <Filter Include="Source\Engine\Render\Core">
      <UniqueIdentifier>{10f600ed-a596-906f-6415-275e93d7f337}</UniqueIdentifier>
    </Filter>
    <Filter Include="Source\Engine\Render\D3D11">
      <UniqueIdentifier>{3dc2020d-540f-c8c8-e9b9-fa8bf7b58750}</UniqueIdentifier>
    </Filter>
    <Filter Include="Source\Engine\Render\D3D11\Buffers">
      <UniqueIdentifier>{097ff6c0-2525-22c5-4061-ccaafb38f54f}</UniqueIdentifier>
    </Filter>
    <Filter Include="Source\Engine\Render\D3D11\Device">
      <UniqueIdentifier>{b5edcd57-28e7-528b-c0f3-bad454b053e8}</UniqueIdentifier>
    </Filter>
    <Filter Include="Source\Engine\Render\D3D11\Shaders">
      <UniqueIdentifier>{b29a4feb-84cb-6de8-d1e0-b8be20c1babc}</UniqueIdentifier>
    </Filter>
    <Filter Include="Source\Engine\Render\D3D11\Shaders\Programs">
      <UniqueIdentifier>{d29cad20-c1e7-e0fc-2b96-f9ac117853c2}</UniqueIdentifier>
    </Filter>
    <Filter Include="Source\Engine\Render\D3D11\Shaders\Stages">
      <UniqueIdentifier>{479cebb0-4444-f106-9bb5-545234788557}</UniqueIdentifier>
    </Filter>
    <Filter Include="Source\Engine\Render\D3D11\State">
      <UniqueIdentifier>{0127278f-9ddc-ec26-db1b-e598abe24845}</UniqueIdentifier>
    </Filter>
    <Filter Include="Source\Engine\Render\Execution">
      <UniqueIdentifier>{0549ffa0-abc9-3edc-7c51-c498324d9e4a}</UniqueIdentifier>
    </Filter>
    <Filter Include="Source\Engine\Render\Passes">
      <UniqueIdentifier>{e4d448db-9827-dd2f-72e0-d0d4895c5a13}</UniqueIdentifier>
    </Filter>
    <Filter Include="Source\Engine\Render\Passes\Common">
      <UniqueIdentifier>{a314f531-ac15-319c-9e98-53c63abd5d2d}</UniqueIdentifier>
    </Filter>
    <Filter Include="Source\Engine\Render\Passes\Editor">
      <UniqueIdentifier>{535d2d8a-5164-b66c-9c0c-7c1c899f2627}</UniqueIdentifier>
    </Filter>
    <Filter Include="Source\Engine\Render\Passes\Geometry">
      <UniqueIdentifier>{00ceb9f9-1b8a-8943-bb23-ef9b97718a0e}</UniqueIdentifier>
    </Filter>
    <Filter Include="Source\Engine\Render\Passes\PostProcess">
      <UniqueIdentifier>{a398e45d-4fe5-8756-187f-c56dd5ff28a5}</UniqueIdentifier>
    </Filter>
    <Filter Include="Source\Engine\Render\Passes\Resolve">
      <UniqueIdentifier>{006126c0-b9ed-5198-4ed3-299aa3557fa5}</UniqueIdentifier>
    </Filter>
    <Filter Include="Source\Engine\Render\Pipelines">
      <UniqueIdentifier>{975cbfaf-fc09-ae58-b40d-4c7135cc2af0}</UniqueIdentifier>
    </Filter>
    <Filter Include="Source\Engine\Render\Pipelines\Registry">
      <UniqueIdentifier>{dba787e5-a0fa-ede1-f833-fee6bb52a1bd}</UniqueIdentifier>
    </Filter>
    <Filter Include="Source\Engine\Render\Pipelines\ViewMode">
      <UniqueIdentifier>{4cb43d2c-4a1a-1cf5-de7c-893e7733c8de}</UniqueIdentifier>
    </Filter>
    <Filter Include="Source\Engine\Render\Resources">
      <UniqueIdentifier>{54f9b97e-db09-0b7b-d34a-9901f4ec6b20}</UniqueIdentifier>
    </Filter>
    <Filter Include="Source\Engine\Render\Resources\Caches">
      <UniqueIdentifier>{d373490d-47b2-bc0c-da10-fd4261913ee1}</UniqueIdentifier>
    </Filter>
    <Filter Include="Source\Engine\Render\Resources\Frame">
      <UniqueIdentifier>{7b440c19-74e6-0e9e-9b82-d9a2a8d988b0}</UniqueIdentifier>
    </Filter>
    <Filter Include="Source\Engine\Render\Resources\Managers">
      <UniqueIdentifier>{ac6b4fa9-9221-7010-bab0-9b732a61dd66}</UniqueIdentifier>
    </Filter>
    <Filter Include="Source\Engine\Render\Resources\Pools">
      <UniqueIdentifier>{832d7b3e-1662-1837-ba02-f69d777b6e48}</UniqueIdentifier>
    </Filter>
    <Filter Include="Source\Engine\Render\Resources\Shaders">
      <UniqueIdentifier>{e7f06a05-364a-9d03-9db8-9afb0e7f7547}</UniqueIdentifier>
    </Filter>
    <Filter Include="Source\Engine\Render\Scene">
      <UniqueIdentifier>{773edb3e-6615-a398-31f8-5f6fe4028008}</UniqueIdentifier>
    </Filter>
    <Filter Include="Source\Engine\Render\Scene\DebugDraw">
      <UniqueIdentifier>{d7c433c2-8d1b-4747-fc20-9536719442f2}</UniqueIdentifier>
    </Filter>
    <Filter Include="Source\Engine\Render\Scene\Proxies">
      <UniqueIdentifier>{c86ce6c1-d35b-837d-97ed-051762b239df}</UniqueIdentifier>
    </Filter>
    <Filter Include="Source\Engine\Render\Scene\Proxies\Light">
      <UniqueIdentifier>{f4621ee0-a1eb-ae4f-1eb1-cb560fafbbfc}</UniqueIdentifier>
    </Filter>
    <Filter Include="Source\Engine\Render\Scene\Proxies\Primitive">
      <UniqueIdentifier>{9f981728-91ca-763b-bca8-5db990a390b6}</UniqueIdentifier>
    </Filter>
    <Filter Include="Source\Engine\Render\Submission">
      <UniqueIdentifier>{2087514d-385b-db99-7f6e-638e97bfaa6c}</UniqueIdentifier>
    </Filter>
    <Filter Include="Source\Engine\Render\Submission\Batching">
      <UniqueIdentifier>{713a2c72-6eb2-ac6b-0cfc-082bd3ff2aa7}</UniqueIdentifier>
    </Filter>
    <Filter Include="Source\Engine\Render\Submission\Builders">
      <UniqueIdentifier>{8b53dad4-718e-f1eb-f891-8f8bdde8d47a}</UniqueIdentifier>
    </Filter>
    <Filter Include="Source\Engine\Render\Submission\Collectors">
      <UniqueIdentifier>{8229e9da-13c4-a415-e8dd-263299ff61f3}</UniqueIdentifier>
    </Filter>
    <Filter Include="Source\Engine\Render\Submission\Commands">
      <UniqueIdentifier>{ad848118-57f9-c31b-950d-22821c01db01}</UniqueIdentifier>
    </Filter>
    <Filter Include="Source\Engine\Render\Submission\Types">
      <UniqueIdentifier>{a95c60b9-94a7-3366-cefd-f22cbe3c75a0}</UniqueIdentifier>
    </Filter>
    <Filter Include="Source\Engine\Render\Types">
      <UniqueIdentifier>{5c8a6ef8-769c-e1cf-6594-03b5821e5f57}</UniqueIdentifier>
    </Filter>
    <Filter Include="Source\Engine\Render\View">
      <UniqueIdentifier>{a38bfbcb-a3e8-1a2f-ef7a-0f872c68b610}</UniqueIdentifier>
    </Filter>
    <Filter Include="Source\Engine\Render\Visibility">
      <UniqueIdentifier>{8ab460b5-5671-63a0-b501-8a85e166be17}</UniqueIdentifier>
    </Filter>
    <Filter Include="Source\Engine\Render\Visibility\LOD">
      <UniqueIdentifier>{ff923159-7de4-9cad-df7e-d691dba3e8c3}</UniqueIdentifier>
    </Filter>
    <Filter Include="Source\Engine\Resource">
      <UniqueIdentifier>{856648ae-d4d3-9a74-aa50-13bfda809bf1}</UniqueIdentifier>
    </Filter>
    <Filter Include="Source\Engine\Runtime">
      <UniqueIdentifier>{a1bbb40a-2c30-7ca6-caf9-d2e4532b09c3}</UniqueIdentifier>
    </Filter>
    <Filter Include="Source\Engine\Serialization">
      <UniqueIdentifier>{b03fb85a-4e75-0b00-08fd-bb38cdc05e3f}</UniqueIdentifier>
    </Filter>
    <Filter Include="Source\Engine\Texture">
      <UniqueIdentifier>{a2a36f49-f806-d651-ef8d-21314e78d9ad}</UniqueIdentifier>
    </Filter>
    <Filter Include="Source\Engine\UI">
      <UniqueIdentifier>{e91ccaa5-c2ef-6d1b-0c73-22388c8418d2}</UniqueIdentifier>
    </Filter>
    <Filter Include="Source\Engine\Viewport">
      <UniqueIdentifier>{b95fbad5-2f3a-0600-c7ff-db94055fd64b}</UniqueIdentifier>
    </Filter>
    <Filter Include="Source\ObjViewer">
      <UniqueIdentifier>{3e63d691-bd37-40d8-2cea-c874f8e3a95b}</UniqueIdentifier>
    </Filter>
    <Filter Include="ThirdParty">
      <UniqueIdentifier>{b6ce33ca-bd0b-67d0-3b00-df63693ce519}</UniqueIdentifier>
    </Filter>
    <Filter Include="ThirdParty\ImGui">
      <UniqueIdentifier>{5fdcaaee-156a-a40d-82bd-8b77a5a402df}</UniqueIdentifier>
    </Filter>
    <Filter Include="ThirdParty\SimpleJSON">
      <UniqueIdentifier>{b5b63371-405e-e009-4e4e-e3b5a25ee7bd}</UniqueIdentifier>
    </Filter>
  </ItemGroup>
  <ItemGroup>
    <FxCompile Include="Shaders\BaseDraw.hlsl">
      <Filter>Shaders</Filter>
    </FxCompile>
    <FxCompile Include="Shaders\CommonTypes.hlsli">
      <Filter>Shaders</Filter>
    </FxCompile>
    <FxCompile Include="Shaders\DecalCommon.hlsli">
      <Filter>Shaders</Filter>
    </FxCompile>
    <FxCompile Include="Shaders\DecalPass.hlsl">
      <Filter>Shaders</Filter>
    </FxCompile>
    <FxCompile Include="Shaders\DecalShader.hlsl">
      <Filter>Shaders</Filter>
    </FxCompile>
    <FxCompile Include="Shaders\DepthOnly.hlsl">
      <Filter>Shaders</Filter>
    </FxCompile>
    <FxCompile Include="Shaders\Editor.hlsl">
      <Filter>Shaders</Filter>
    </FxCompile>
    <FxCompile Include="Shaders\FXAA.hlsl">
      <Filter>Shaders</Filter>
    </FxCompile>
    <FxCompile Include="Shaders\FakeLightShader.hlsl">
      <Filter>Shaders</Filter>
    </FxCompile>
    <FxCompile Include="Shaders\Gizmo.hlsl">
      <Filter>Shaders</Filter>
    </FxCompile>
    <FxCompile Include="Shaders\HeightFog.hlsl">
      <Filter>Shaders</Filter>
    </FxCompile>
    <FxCompile Include="Shaders\HiZGenerate.hlsl">
      <Filter>Shaders</Filter>
    </FxCompile>
    <FxCompile Include="Shaders\LightingCommon.hlsli">
      <Filter>Shaders</Filter>
    </FxCompile>
    <FxCompile Include="Shaders\LightingPass.hlsl">
      <Filter>Shaders</Filter>
    </FxCompile>
    <FxCompile Include="Shaders\NormalView.hlsl">
      <Filter>Shaders</Filter>
    </FxCompile>
    <FxCompile Include="Shaders\OcclusionTest.hlsl">
      <Filter>Shaders</Filter>
    </FxCompile>
    <FxCompile Include="Shaders\OutlinePostProcess.hlsl">
      <Filter>Shaders</Filter>
    </FxCompile>
    <FxCompile Include="Shaders\Primitive.hlsl">
      <Filter>Shaders</Filter>
    </FxCompile>
    <FxCompile Include="Shaders\SceneDepth.hlsl">
      <Filter>Shaders</Filter>
    </FxCompile>
    <FxCompile Include="Shaders\ShaderBillboard.hlsl">
      <Filter>Shaders</Filter>
    </FxCompile>
    <FxCompile Include="Shaders\ShaderFont.hlsl">
      <Filter>Shaders</Filter>
    </FxCompile>
    <FxCompile Include="Shaders\ShaderOverlayFont.hlsl">
      <Filter>Shaders</Filter>
    </FxCompile>
    <FxCompile Include="Shaders\ShaderSubUV.hlsl">
      <Filter>Shaders</Filter>
    </FxCompile>
    <FxCompile Include="Shaders\StaticMeshMaterialCommon.hlsli">
      <Filter>Shaders</Filter>
    </FxCompile>
    <FxCompile Include="Shaders\StaticMeshShader.hlsl">
      <Filter>Shaders</Filter>
    </FxCompile>
    <FxCompile Include="Shaders\SurfaceData.hlsli">
      <Filter>Shaders</Filter>
    </FxCompile>
    <FxCompile Include="Shaders\UberLit.hlsl">
      <Filter>Shaders</Filter>
    </FxCompile>
    <FxCompile Include="Shaders\Common\ConstantBuffers.hlsl">
      <Filter>Shaders\Common</Filter>
    </FxCompile>
    <FxCompile Include="Shaders\Common\Functions.hlsl">
      <Filter>Shaders\Common</Filter>
    </FxCompile>
    <FxCompile Include="Shaders\Common\SystemResources.hlsl">
      <Filter>Shaders\Common</Filter>
    </FxCompile>
    <FxCompile Include="Shaders\Common\SystemSamplers.hlsl">
      <Filter>Shaders\Common</Filter>
    </FxCompile>
    <FxCompile Include="Shaders\Common\VertexLayouts.hlsl">
      <Filter>Shaders\Common</Filter>
    </FxCompile>
  </ItemGroup>
  <ItemGroup>
    <ClCompile Include="Source\Editor\EditorEngine.cpp">
      <Filter>Source\Editor</Filter>
    </ClCompile>
    <ClCompile Include="Source\Editor\Selection\SelectionManager.cpp">
      <Filter>Source\Editor\Selection</Filter>
    </ClCompile>
    <ClCompile Include="Source\Editor\Settings\EditorSettings.cpp">
      <Filter>Source\Editor\Settings</Filter>
    </ClCompile>
    <ClCompile Include="Source\Editor\Subsystem\OverlayStatSystem.cpp">
      <Filter>Source\Editor\Subsystem</Filter>
    </ClCompile>
    <ClCompile Include="Source\Editor\UI\EditorConsolePanel.cpp">
      <Filter>Source\Editor\UI</Filter>
    </ClCompile>
    <ClCompile Include="Source\Editor\UI\EditorControlPanel.cpp">
      <Filter>Source\Editor\UI</Filter>
    </ClCompile>
    <ClCompile Include="Source\Editor\UI\EditorDetailsPanel.cpp">
      <Filter>Source\Editor\UI</Filter>
    </ClCompile>
    <ClCompile Include="Source\Editor\UI\EditorMainPanel.cpp">
      <Filter>Source\Editor\UI</Filter>
    </ClCompile>
    <ClCompile Include="Source\Editor\UI\EditorMaterialPanel.cpp">
      <Filter>Source\Editor\UI</Filter>
    </ClCompile>
    <ClCompile Include="Source\Editor\UI\EditorPanel.cpp">
      <Filter>Source\Editor\UI</Filter>
    </ClCompile>
    <ClCompile Include="Source\Editor\UI\EditorSceneManagerPanel.cpp">
      <Filter>Source\Editor\UI</Filter>
    </ClCompile>
    <ClCompile Include="Source\Editor\UI\EditorStatPanel.cpp">
      <Filter>Source\Editor\UI</Filter>
    </ClCompile>
    <ClCompile Include="Source\Editor\UI\EditorToolbarPanel.cpp">
      <Filter>Source\Editor\UI</Filter>
    </ClCompile>
    <ClCompile Include="Source\Editor\UI\EditorViewportPanel.cpp">
      <Filter>Source\Editor\UI</Filter>
    </ClCompile>
    <ClCompile Include="Source\Editor\Viewport\EditorViewportClient.cpp">
      <Filter>Source\Editor\Viewport</Filter>
    </ClCompile>
    <ClCompile Include="Source\Editor\Viewport\FLevelViewportLayout.cpp">
      <Filter>Source\Editor\Viewport</Filter>
    </ClCompile>
    <ClCompile Include="Source\Engine\Collision\MeshTriangleBVH.cpp">
      <Filter>Source\Engine\Collision</Filter>
    </ClCompile>
    <ClCompile Include="Source\Engine\Collision\Octree.cpp">
      <Filter>Source\Engine\Collision</Filter>
    </ClCompile>
    <ClCompile Include="Source\Engine\Collision\RayUtils.cpp">
      <Filter>Source\Engine\Collision</Filter>
    </ClCompile>
    <ClCompile Include="Source\Engine\Collision\RayUtilsSIMD.cpp">
      <Filter>Source\Engine\Collision</Filter>
    </ClCompile>
    <ClCompile Include="Source\Engine\Collision\SpatialPartition.cpp">
      <Filter>Source\Engine\Collision</Filter>
    </ClCompile>
    <ClCompile Include="Source\Engine\Collision\WorldPrimitivePickingBVH.cpp">
      <Filter>Source\Engine\Collision</Filter>
    </ClCompile>
    <ClCompile Include="Source\Engine\Component\ActorComponent.cpp">
      <Filter>Source\Engine\Component</Filter>
    </ClCompile>
    <ClCompile Include="Source\Engine\Component\AmbientLightComponent.cpp">
      <Filter>Source\Engine\Component</Filter>
    </ClCompile>
    <ClCompile Include="Source\Engine\Component\BillboardComponent.cpp">
      <Filter>Source\Engine\Component</Filter>
    </ClCompile>
    <ClCompile Include="Source\Engine\Component\CameraComponent.cpp">
      <Filter>Source\Engine\Component</Filter>
    </ClCompile>
    <ClCompile Include="Source\Engine\Component\CylindricalBillboardComponent.cpp">
      <Filter>Source\Engine\Component</Filter>
    </ClCompile>
    <ClCompile Include="Source\Engine\Component\DecalComponent.cpp">
      <Filter>Source\Engine\Component</Filter>
    </ClCompile>
    <ClCompile Include="Source\Engine\Component\DirectionalLightComponent.cpp">
      <Filter>Source\Engine\Component</Filter>
    </ClCompile>
    <ClCompile Include="Source\Engine\Component\GizmoComponent.cpp">
      <Filter>Source\Engine\Component</Filter>
    </ClCompile>
    <ClCompile Include="Source\Engine\Component\HeightFogComponent.cpp">
      <Filter>Source\Engine\Component</Filter>
    </ClCompile>
    <ClCompile Include="Source\Engine\Component\LightComponent.cpp">
      <Filter>Source\Engine\Component</Filter>
    </ClCompile>
    <ClCompile Include="Source\Engine\Component\LightComponentBase.cpp">
      <Filter>Source\Engine\Component</Filter>
    </ClCompile>
    <ClCompile Include="Source\Engine\Component\MeshComponent.cpp">
      <Filter>Source\Engine\Component</Filter>
    </ClCompile>
    <ClCompile Include="Source\Engine\Component\MovementComponent.cpp">
      <Filter>Source\Engine\Component</Filter>
    </ClCompile>
    <ClCompile Include="Source\Engine\Component\PendulumMovementComponent.cpp">
      <Filter>Source\Engine\Component</Filter>
    </ClCompile>
    <ClCompile Include="Source\Engine\Component\PointLightComponent.cpp">
      <Filter>Source\Engine\Component</Filter>
    </ClCompile>
    <ClCompile Include="Source\Engine\Component\PrimitiveComponent.cpp">
      <Filter>Source\Engine\Component</Filter>
    </ClCompile>
    <ClCompile Include="Source\Engine\Component\ProjectileMovementComponent.cpp">
      <Filter>Source\Engine\Component</Filter>
    </ClCompile>
    <ClCompile Include="Source\Engine\Component\RotatingMovementComponent.cpp">
      <Filter>Source\Engine\Component</Filter>
    </ClCompile>
    <ClCompile Include="Source\Engine\Component\SceneComponent.cpp">
      <Filter>Source\Engine\Component</Filter>
    </ClCompile>
    <ClCompile Include="Source\Engine\Component\SpotLightComponent.cpp">
      <Filter>Source\Engine\Component</Filter>
    </ClCompile>
    <ClCompile Include="Source\Engine\Component\StaticMeshComponent.cpp">
      <Filter>Source\Engine\Component</Filter>
    </ClCompile>
    <ClCompile Include="Source\Engine\Component\SubUVComponent.cpp">
      <Filter>Source\Engine\Component</Filter>
    </ClCompile>
    <ClCompile Include="Source\Engine\Component\TextRenderComponent.cpp">
      <Filter>Source\Engine\Component</Filter>
    </ClCompile>
    <ClCompile Include="Source\Engine\Core\EngineTypes.cpp">
      <Filter>Source\Engine\Core</Filter>
    </ClCompile>
    <ClCompile Include="Source\Engine\Core\TickFunction.cpp">
      <Filter>Source\Engine\Core</Filter>
    </ClCompile>
    <ClCompile Include="Source\Engine\GameFramework\AActor.cpp">
      <Filter>Source\Engine\GameFramework</Filter>
    </ClCompile>
    <ClCompile Include="Source\Engine\GameFramework\AmbientLightActor.cpp">
      <Filter>Source\Engine\GameFramework</Filter>
    </ClCompile>
    <ClCompile Include="Source\Engine\GameFramework\DecalActor.cpp">
      <Filter>Source\Engine\GameFramework</Filter>
    </ClCompile>
    <ClCompile Include="Source\Engine\GameFramework\DirectionalLightActor.cpp">
      <Filter>Source\Engine\GameFramework</Filter>
    </ClCompile>
    <ClCompile Include="Source\Engine\GameFramework\FakeLightActor.cpp">
      <Filter>Source\Engine\GameFramework</Filter>
    </ClCompile>
    <ClCompile Include="Source\Engine\GameFramework\FireballActor.cpp">
      <Filter>Source\Engine\GameFramework</Filter>
    </ClCompile>
    <ClCompile Include="Source\Engine\GameFramework\HeightFogActor.cpp">
      <Filter>Source\Engine\GameFramework</Filter>
    </ClCompile>
    <ClCompile Include="Source\Engine\GameFramework\Level.cpp">
      <Filter>Source\Engine\GameFramework</Filter>
    </ClCompile>
    <ClCompile Include="Source\Engine\GameFramework\PointLightActor.cpp">
      <Filter>Source\Engine\GameFramework</Filter>
    </ClCompile>
    <ClCompile Include="Source\Engine\GameFramework\SpotLightActor.cpp">
      <Filter>Source\Engine\GameFramework</Filter>
    </ClCompile>
    <ClCompile Include="Source\Engine\GameFramework\StaticMeshActor.cpp">
      <Filter>Source\Engine\GameFramework</Filter>
    </ClCompile>
    <ClCompile Include="Source\Engine\GameFramework\World.cpp">
      <Filter>Source\Engine\GameFramework</Filter>
    </ClCompile>
    <ClCompile Include="Source\Engine\Input\InputSystem.cpp">
      <Filter>Source\Engine\Input</Filter>
    </ClCompile>
    <ClCompile Include="Source\Engine\Materials\Material.cpp">
      <Filter>Source\Engine\Materials</Filter>
    </ClCompile>
    <ClCompile Include="Source\Engine\Materials\MaterialCore.cpp">
      <Filter>Source\Engine\Materials</Filter>
    </ClCompile>
    <ClCompile Include="Source\Engine\Materials\MaterialManager.cpp">
      <Filter>Source\Engine\Materials</Filter>
    </ClCompile>
    <ClCompile Include="Source\Engine\Math\Matrix.cpp">
      <Filter>Source\Engine\Math</Filter>
    </ClCompile>
    <ClCompile Include="Source\Engine\Math\Quat.cpp">
      <Filter>Source\Engine\Math</Filter>
    </ClCompile>
    <ClCompile Include="Source\Engine\Math\Rotator.cpp">
      <Filter>Source\Engine\Math</Filter>
    </ClCompile>
    <ClCompile Include="Source\Engine\Math\Transform.cpp">
      <Filter>Source\Engine\Math</Filter>
    </ClCompile>
    <ClCompile Include="Source\Engine\Math\Vector.cpp">
      <Filter>Source\Engine\Math</Filter>
    </ClCompile>
    <ClCompile Include="Source\Engine\Mesh\MeshSimplifier.cpp">
      <Filter>Source\Engine\Mesh</Filter>
    </ClCompile>
    <ClCompile Include="Source\Engine\Mesh\ObjImporter.cpp">
      <Filter>Source\Engine\Mesh</Filter>
    </ClCompile>
    <ClCompile Include="Source\Engine\Mesh\ObjManager.cpp">
      <Filter>Source\Engine\Mesh</Filter>
    </ClCompile>
    <ClCompile Include="Source\Engine\Mesh\StaticMesh.cpp">
      <Filter>Source\Engine\Mesh</Filter>
    </ClCompile>
    <ClCompile Include="Source\Engine\Object\FName.cpp">
      <Filter>Source\Engine\Object</Filter>
    </ClCompile>
    <ClCompile Include="Source\Engine\Object\Object.cpp">
      <Filter>Source\Engine\Object</Filter>
    </ClCompile>
    <ClCompile Include="Source\Engine\Object\UUIDGenerator.cpp">
      <Filter>Source\Engine\Object</Filter>
    </ClCompile>
    <ClCompile Include="Source\Engine\Platform\CrashDump.cpp">
      <Filter>Source\Engine\Platform</Filter>
    </ClCompile>
    <ClCompile Include="Source\Engine\Platform\Paths.cpp">
      <Filter>Source\Engine\Platform</Filter>
    </ClCompile>
    <ClCompile Include="Source\Engine\Profiling\GPUProfiler.cpp">
      <Filter>Source\Engine\Profiling</Filter>
    </ClCompile>
    <ClCompile Include="Source\Engine\Profiling\MemoryStats.cpp">
      <Filter>Source\Engine\Profiling</Filter>
    </ClCompile>
    <ClCompile Include="Source\Engine\Profiling\Stats.cpp">
      <Filter>Source\Engine\Profiling</Filter>
    </ClCompile>
    <ClCompile Include="Source\Engine\Profiling\Timer.cpp">
      <Filter>Source\Engine\Profiling</Filter>
    </ClCompile>
    <ClCompile Include="Source\Engine\Render\D3D11\Buffers\Buffers.cpp">
      <Filter>Source\Engine\Render\D3D11\Buffers</Filter>
    </ClCompile>
    <ClCompile Include="Source\Engine\Render\D3D11\Device\D3DDevice.cpp">
      <Filter>Source\Engine\Render\D3D11\Device</Filter>
    </ClCompile>
    <ClCompile Include="Source\Engine\Render\D3D11\Shaders\Programs\GraphicsShaderProgram.cpp">
      <Filter>Source\Engine\Render\D3D11\Shaders\Programs</Filter>
    </ClCompile>
    <ClCompile Include="Source\Engine\Render\D3D11\State\BlendStateManager.cpp">
      <Filter>Source\Engine\Render\D3D11\State</Filter>
    </ClCompile>
    <ClCompile Include="Source\Engine\Render\D3D11\State\DepthStencilStateManager.cpp">
      <Filter>Source\Engine\Render\D3D11\State</Filter>
    </ClCompile>
    <ClCompile Include="Source\Engine\Render\D3D11\State\RasterizerStateManager.cpp">
      <Filter>Source\Engine\Render\D3D11\State</Filter>
    </ClCompile>
    <ClCompile Include="Source\Engine\Render\Execution\RenderPipelineRunner.cpp">
      <Filter>Source\Engine\Render\Execution</Filter>
    </ClCompile>
    <ClCompile Include="Source\Engine\Render\Execution\Renderer.cpp">
      <Filter>Source\Engine\Render\Execution</Filter>
    </ClCompile>
    <ClCompile Include="Source\Engine\Render\Passes\Common\PassRenderState.cpp">
      <Filter>Source\Engine\Render\Passes\Common</Filter>
    </ClCompile>
    <ClCompile Include="Source\Engine\Render\Passes\Common\RenderPassContext.cpp">
      <Filter>Source\Engine\Render\Passes\Common</Filter>
    </ClCompile>
    <ClCompile Include="Source\Engine\Render\Passes\Editor\DebugLinePass.cpp">
      <Filter>Source\Engine\Render\Passes\Editor</Filter>
    </ClCompile>
    <ClCompile Include="Source\Engine\Render\Passes\Editor\GizmoPass.cpp">
      <Filter>Source\Engine\Render\Passes\Editor</Filter>
    </ClCompile>
    <ClCompile Include="Source\Engine\Render\Passes\Editor\OutlinePass.cpp">
      <Filter>Source\Engine\Render\Passes\Editor</Filter>
    </ClCompile>
    <ClCompile Include="Source\Engine\Render\Passes\Editor\OverlayTextPass.cpp">
      <Filter>Source\Engine\Render\Passes\Editor</Filter>
    </ClCompile>
    <ClCompile Include="Source\Engine\Render\Passes\Editor\SelectionMaskPass.cpp">
      <Filter>Source\Engine\Render\Passes\Editor</Filter>
    </ClCompile>
    <ClCompile Include="Source\Engine\Render\Passes\Geometry\AdditiveDecalPass.cpp">
      <Filter>Source\Engine\Render\Passes\Geometry</Filter>
    </ClCompile>
    <ClCompile Include="Source\Engine\Render\Passes\Geometry\AlphaBlendPass.cpp">
      <Filter>Source\Engine\Render\Passes\Geometry</Filter>
    </ClCompile>
    <ClCompile Include="Source\Engine\Render\Passes\Geometry\BaseDrawPass.cpp">
      <Filter>Source\Engine\Render\Passes\Geometry</Filter>
    </ClCompile>
    <ClCompile Include="Source\Engine\Render\Passes\Geometry\DecalPass.cpp">
      <Filter>Source\Engine\Render\Passes\Geometry</Filter>
    </ClCompile>
    <ClCompile Include="Source\Engine\Render\Passes\Geometry\DepthPrePass.cpp">
      <Filter>Source\Engine\Render\Passes\Geometry</Filter>
    </ClCompile>
    <ClCompile Include="Source\Engine\Render\Passes\PostProcess\FXAAPass.cpp">
      <Filter>Source\Engine\Render\Passes\PostProcess</Filter>
    </ClCompile>
    <ClCompile Include="Source\Engine\Render\Passes\PostProcess\HeightFogPass.cpp">
      <Filter>Source\Engine\Render\Passes\PostProcess</Filter>
    </ClCompile>
    <ClCompile Include="Source\Engine\Render\Passes\Resolve\LightingPass.cpp">
      <Filter>Source\Engine\Render\Passes\Resolve</Filter>
    </ClCompile>
    <ClCompile Include="Source\Engine\Render\Passes\Resolve\ViewModePostProcessPass.cpp">
      <Filter>Source\Engine\Render\Passes\Resolve</Filter>
    </ClCompile>
    <ClCompile Include="Source\Engine\Render\Pipelines\Registry\RenderPassRegistry.cpp">
      <Filter>Source\Engine\Render\Pipelines\Registry</Filter>
    </ClCompile>
    <ClCompile Include="Source\Engine\Render\Pipelines\Registry\RenderPipelineRegistry.cpp">
      <Filter>Source\Engine\Render\Pipelines\Registry</Filter>
    </ClCompile>
    <ClCompile Include="Source\Engine\Render\Resources\Frame\FrameSharedResources.cpp">
      <Filter>Source\Engine\Render\Resources\Frame</Filter>
    </ClCompile>
    <ClCompile Include="Source\Engine\Render\Resources\Managers\MeshBufferManager.cpp">
      <Filter>Source\Engine\Render\Resources\Managers</Filter>
    </ClCompile>
    <ClCompile Include="Source\Engine\Render\Resources\Managers\ShaderManager.cpp">
      <Filter>Source\Engine\Render\Resources\Managers</Filter>
    </ClCompile>
    <ClCompile Include="Source\Engine\Render\Resources\Pools\ConstantBufferPool.cpp">
      <Filter>Source\Engine\Render\Resources\Pools</Filter>
    </ClCompile>
    <ClCompile Include="Source\Engine\Render\Scene\Scene.cpp">
      <Filter>Source\Engine\Render\Scene</Filter>
    </ClCompile>
    <ClCompile Include="Source\Engine\Render\Scene\DebugDraw\DebugDrawQueue.cpp">
      <Filter>Source\Engine\Render\Scene\DebugDraw</Filter>
    </ClCompile>
    <ClCompile Include="Source\Engine\Render\Scene\DebugDraw\DrawDebugHelpers.cpp">
      <Filter>Source\Engine\Render\Scene\DebugDraw</Filter>
    </ClCompile>
    <ClCompile Include="Source\Engine\Render\Scene\DebugDraw\SceneDebugData.cpp">
      <Filter>Source\Engine\Render\Scene\DebugDraw</Filter>
    </ClCompile>
    <ClCompile Include="Source\Engine\Render\Scene\Proxies\Light\AmbientLightSceneProxy.cpp">
      <Filter>Source\Engine\Render\Scene\Proxies\Light</Filter>
    </ClCompile>
    <ClCompile Include="Source\Engine\Render\Scene\Proxies\Light\DirectionalLightSceneProxy.cpp">
      <Filter>Source\Engine\Render\Scene\Proxies\Light</Filter>
    </ClCompile>
    <ClCompile Include="Source\Engine\Render\Scene\Proxies\Light\LightSceneProxy.cpp">
      <Filter>Source\Engine\Render\Scene\Proxies\Light</Filter>
    </ClCompile>
    <ClCompile Include="Source\Engine\Render\Scene\Proxies\Light\PointLightSceneProxy.cpp">
      <Filter>Source\Engine\Render\Scene\Proxies\Light</Filter>
    </ClCompile>
    <ClCompile Include="Source\Engine\Render\Scene\Proxies\Light\SpotLightSceneProxy.cpp">
      <Filter>Source\Engine\Render\Scene\Proxies\Light</Filter>
    </ClCompile>
    <ClCompile Include="Source\Engine\Render\Scene\Proxies\Primitive\BillboardSceneProxy.cpp">
      <Filter>Source\Engine\Render\Scene\Proxies\Primitive</Filter>
    </ClCompile>
    <ClCompile Include="Source\Engine\Render\Scene\Proxies\Primitive\CylindricalBillboardSceneProxy.cpp">
      <Filter>Source\Engine\Render\Scene\Proxies\Primitive</Filter>
    </ClCompile>
    <ClCompile Include="Source\Engine\Render\Scene\Proxies\Primitive\DecalSceneProxy.cpp">
      <Filter>Source\Engine\Render\Scene\Proxies\Primitive</Filter>
    </ClCompile>
    <ClCompile Include="Source\Engine\Render\Scene\Proxies\Primitive\GizmoSceneProxy.cpp">
      <Filter>Source\Engine\Render\Scene\Proxies\Primitive</Filter>
    </ClCompile>
    <ClCompile Include="Source\Engine\Render\Scene\Proxies\Primitive\PrimitiveSceneProxy.cpp">
      <Filter>Source\Engine\Render\Scene\Proxies\Primitive</Filter>
    </ClCompile>
    <ClCompile Include="Source\Engine\Render\Scene\Proxies\Primitive\StaticMeshSceneProxy.cpp">
      <Filter>Source\Engine\Render\Scene\Proxies\Primitive</Filter>
    </ClCompile>
    <ClCompile Include="Source\Engine\Render\Scene\Proxies\Primitive\SubUVSceneProxy.cpp">
      <Filter>Source\Engine\Render\Scene\Proxies\Primitive</Filter>
    </ClCompile>
    <ClCompile Include="Source\Engine\Render\Scene\Proxies\Primitive\TextRenderSceneProxy.cpp">
      <Filter>Source\Engine\Render\Scene\Proxies\Primitive</Filter>
    </ClCompile>
    <ClCompile Include="Source\Engine\Render\Submission\Batching\FontBatch.cpp">
      <Filter>Source\Engine\Render\Submission\Batching</Filter>
    </ClCompile>
    <ClCompile Include="Source\Engine\Render\Submission\Batching\LineBatch.cpp">
      <Filter>Source\Engine\Render\Submission\Batching</Filter>
    </ClCompile>
    <ClCompile Include="Source\Engine\Render\Submission\Builders\DecalDrawCommandBuilder.cpp">
      <Filter>Source\Engine\Render\Submission\Builders</Filter>
    </ClCompile>
    <ClCompile Include="Source\Engine\Render\Submission\Builders\FullscreenDrawCommandBuilder.cpp">
      <Filter>Source\Engine\Render\Submission\Builders</Filter>
    </ClCompile>
    <ClCompile Include="Source\Engine\Render\Submission\Builders\LineDrawCommandBuilder.cpp">
      <Filter>Source\Engine\Render\Submission\Builders</Filter>
    </ClCompile>
    <ClCompile Include="Source\Engine\Render\Submission\Builders\MeshDrawCommandBuilder.cpp">
      <Filter>Source\Engine\Render\Submission\Builders</Filter>
    </ClCompile>
    <ClCompile Include="Source\Engine\Render\Submission\Builders\TextDrawCommandBuilder.cpp">
      <Filter>Source\Engine\Render\Submission\Builders</Filter>
    </ClCompile>
    <ClCompile Include="Source\Engine\Render\Submission\Collectors\RenderCollector.cpp">
      <Filter>Source\Engine\Render\Submission\Collectors</Filter>
    </ClCompile>
    <ClCompile Include="Source\Engine\Render\Submission\Commands\DrawCommandList.cpp">
      <Filter>Source\Engine\Render\Submission\Commands</Filter>
    </ClCompile>
    <ClCompile Include="Source\Engine\Render\View\SceneView.cpp">
      <Filter>Source\Engine\Render\View</Filter>
    </ClCompile>
    <ClCompile Include="Source\Engine\Render\View\ViewModeSurfaceSet.cpp">
      <Filter>Source\Engine\Render\View</Filter>
    </ClCompile>
    <ClCompile Include="Source\Engine\Render\View\ViewportRenderTargets.cpp">
      <Filter>Source\Engine\Render\View</Filter>
    </ClCompile>
    <ClCompile Include="Source\Engine\Render\Visibility\ConvexVolume.cpp">
      <Filter>Source\Engine\Render\Visibility</Filter>
    </ClCompile>
    <ClCompile Include="Source\Engine\Render\Visibility\GPUOcclusionCulling.cpp">
      <Filter>Source\Engine\Render\Visibility</Filter>
    </ClCompile>
    <ClCompile Include="Source\Engine\Render\Visibility\OcclusionCulling.cpp">
      <Filter>Source\Engine\Render\Visibility</Filter>
    </ClCompile>
    <ClCompile Include="Source\Engine\Resource\ResourceManager.cpp">
      <Filter>Source\Engine\Resource</Filter>
    </ClCompile>
    <ClCompile Include="Source\Engine\Runtime\Engine.cpp">
      <Filter>Source\Engine\Runtime</Filter>
    </ClCompile>
    <ClCompile Include="Source\Engine\Runtime\EngineLoop.cpp">
      <Filter>Source\Engine\Runtime</Filter>
    </ClCompile>
    <ClCompile Include="Source\Engine\Runtime\Launch.cpp">
      <Filter>Source\Engine\Runtime</Filter>
    </ClCompile>
    <ClCompile Include="Source\Engine\Runtime\WindowsApplication.cpp">
      <Filter>Source\Engine\Runtime</Filter>
    </ClCompile>
    <ClCompile Include="Source\Engine\Runtime\WindowsWindow.cpp">
      <Filter>Source\Engine\Runtime</Filter>
    </ClCompile>
    <ClCompile Include="Source\Engine\Serialization\SceneSaveManager.cpp">
      <Filter>Source\Engine\Serialization</Filter>
    </ClCompile>
    <ClCompile Include="Source\Engine\Texture\Texture2D.cpp">
      <Filter>Source\Engine\Texture</Filter>
    </ClCompile>
    <ClCompile Include="Source\Engine\UI\SSplitter.cpp">
      <Filter>Source\Engine\UI</Filter>
    </ClCompile>
    <ClCompile Include="Source\Engine\UI\SWindow.cpp">
      <Filter>Source\Engine\UI</Filter>
    </ClCompile>
    <ClCompile Include="Source\Engine\Viewport\GameViewportClient.cpp">
      <Filter>Source\Engine\Viewport</Filter>
    </ClCompile>
    <ClCompile Include="Source\Engine\Viewport\Viewport.cpp">
      <Filter>Source\Engine\Viewport</Filter>
    </ClCompile>
    <ClCompile Include="Source\Engine\Viewport\ViewportClient.cpp">
      <Filter>Source\Engine\Viewport</Filter>
    </ClCompile>
    <ClCompile Include="Source\ObjViewer\ObjViewerEngine.cpp">
      <Filter>Source\ObjViewer</Filter>
    </ClCompile>
    <ClCompile Include="Source\ObjViewer\ObjViewerPanel.cpp">
      <Filter>Source\ObjViewer</Filter>
    </ClCompile>
    <ClCompile Include="Source\ObjViewer\ObjViewerRenderPipeline.cpp">
      <Filter>Source\ObjViewer</Filter>
    </ClCompile>
    <ClCompile Include="Source\ObjViewer\ObjViewerViewportClient.cpp">
      <Filter>Source\ObjViewer</Filter>
    </ClCompile>
    <ClCompile Include="ThirdParty\ImGui\imgui.cpp">
      <Filter>ThirdParty\ImGui</Filter>
    </ClCompile>
    <ClCompile Include="ThirdParty\ImGui\imgui_demo.cpp">
      <Filter>ThirdParty\ImGui</Filter>
    </ClCompile>
    <ClCompile Include="ThirdParty\ImGui\imgui_draw.cpp">
      <Filter>ThirdParty\ImGui</Filter>
    </ClCompile>
    <ClCompile Include="ThirdParty\ImGui\imgui_impl_dx11.cpp">
      <Filter>ThirdParty\ImGui</Filter>
    </ClCompile>
    <ClCompile Include="ThirdParty\ImGui\imgui_impl_win32.cpp">
      <Filter>ThirdParty\ImGui</Filter>
    </ClCompile>
    <ClCompile Include="ThirdParty\ImGui\imgui_tables.cpp">
      <Filter>ThirdParty\ImGui</Filter>
    </ClCompile>
    <ClCompile Include="ThirdParty\ImGui\imgui_widgets.cpp">
      <Filter>ThirdParty\ImGui</Filter>
    </ClCompile>
    <ClCompile Include="main.cpp" />
  </ItemGroup>
  <ItemGroup>
    <ClInclude Include="Source\Editor\EditorEngine.h">
      <Filter>Source\Editor</Filter>
    </ClInclude>
    <ClInclude Include="Source\Editor\PIE\PIETypes.h">
      <Filter>Source\Editor\PIE</Filter>
    </ClInclude>
    <ClInclude Include="Source\Editor\Selection\SelectionManager.h">
      <Filter>Source\Editor\Selection</Filter>
    </ClInclude>
    <ClInclude Include="Source\Editor\Settings\EditorSettings.h">
      <Filter>Source\Editor\Settings</Filter>
    </ClInclude>
    <ClInclude Include="Source\Editor\Subsystem\OverlayStatSystem.h">
      <Filter>Source\Editor\Subsystem</Filter>
    </ClInclude>
    <ClInclude Include="Source\Editor\UI\EditorConsolePanel.h">
      <Filter>Source\Editor\UI</Filter>
    </ClInclude>
    <ClInclude Include="Source\Editor\UI\EditorControlPanel.h">
      <Filter>Source\Editor\UI</Filter>
    </ClInclude>
    <ClInclude Include="Source\Editor\UI\EditorDetailsPanel.h">
      <Filter>Source\Editor\UI</Filter>
    </ClInclude>
    <ClInclude Include="Source\Editor\UI\EditorMainPanel.h">
      <Filter>Source\Editor\UI</Filter>
    </ClInclude>
    <ClInclude Include="Source\Editor\UI\EditorMaterialPanel.h">
      <Filter>Source\Editor\UI</Filter>
    </ClInclude>
    <ClInclude Include="Source\Editor\UI\EditorPanel.h">
      <Filter>Source\Editor\UI</Filter>
    </ClInclude>
    <ClInclude Include="Source\Editor\UI\EditorSceneManagerPanel.h">
      <Filter>Source\Editor\UI</Filter>
    </ClInclude>
    <ClInclude Include="Source\Editor\UI\EditorStatPanel.h">
      <Filter>Source\Editor\UI</Filter>
    </ClInclude>
    <ClInclude Include="Source\Editor\UI\EditorToolbarPanel.h">
      <Filter>Source\Editor\UI</Filter>
    </ClInclude>
    <ClInclude Include="Source\Editor\UI\EditorViewportPanel.h">
      <Filter>Source\Editor\UI</Filter>
    </ClInclude>
    <ClInclude Include="Source\Editor\Viewport\EditorViewportClient.h">
      <Filter>Source\Editor\Viewport</Filter>
    </ClInclude>
    <ClInclude Include="Source\Editor\Viewport\FLevelViewportLayout.h">
      <Filter>Source\Editor\Viewport</Filter>
    </ClInclude>
    <ClInclude Include="Source\Editor\Viewport\LevelEditorViewportClient.h">
      <Filter>Source\Editor\Viewport</Filter>
    </ClInclude>
    <ClInclude Include="Source\Engine\Collision\MeshTriangleBVH.h">
      <Filter>Source\Engine\Collision</Filter>
    </ClInclude>
    <ClInclude Include="Source\Engine\Collision\OBB.h">
      <Filter>Source\Engine\Collision</Filter>
    </ClInclude>
    <ClInclude Include="Source\Engine\Collision\Octree.h">
      <Filter>Source\Engine\Collision</Filter>
    </ClInclude>
    <ClInclude Include="Source\Engine\Collision\RayUtils.h">
      <Filter>Source\Engine\Collision</Filter>
    </ClInclude>
    <ClInclude Include="Source\Engine\Collision\RayUtilsSIMD.h">
      <Filter>Source\Engine\Collision</Filter>
    </ClInclude>
    <ClInclude Include="Source\Engine\Collision\SpatialPartition.h">
      <Filter>Source\Engine\Collision</Filter>
    </ClInclude>
    <ClInclude Include="Source\Engine\Collision\WorldPrimitivePickingBVH.h">
      <Filter>Source\Engine\Collision</Filter>
    </ClInclude>
    <ClInclude Include="Source\Engine\Component\ActorComponent.h">
      <Filter>Source\Engine\Component</Filter>
    </ClInclude>
    <ClInclude Include="Source\Engine\Component\AmbientLightComponent.h">
      <Filter>Source\Engine\Component</Filter>
    </ClInclude>
    <ClInclude Include="Source\Engine\Component\BillboardComponent.h">
      <Filter>Source\Engine\Component</Filter>
    </ClInclude>
    <ClInclude Include="Source\Engine\Component\CameraComponent.h">
      <Filter>Source\Engine\Component</Filter>
    </ClInclude>
    <ClInclude Include="Source\Engine\Component\CylindricalBillboardComponent.h">
      <Filter>Source\Engine\Component</Filter>
    </ClInclude>
    <ClInclude Include="Source\Engine\Component\DecalComponent.h">
      <Filter>Source\Engine\Component</Filter>
    </ClInclude>
    <ClInclude Include="Source\Engine\Component\DirectionalLightComponent.h">
      <Filter>Source\Engine\Component</Filter>
    </ClInclude>
    <ClInclude Include="Source\Engine\Component\GizmoComponent.h">
      <Filter>Source\Engine\Component</Filter>
    </ClInclude>
    <ClInclude Include="Source\Engine\Component\HeightFogComponent.h">
      <Filter>Source\Engine\Component</Filter>
    </ClInclude>
    <ClInclude Include="Source\Engine\Component\LightComponent.h">
      <Filter>Source\Engine\Component</Filter>
    </ClInclude>
    <ClInclude Include="Source\Engine\Component\LightComponentBase.h">
      <Filter>Source\Engine\Component</Filter>
    </ClInclude>
    <ClInclude Include="Source\Engine\Component\MeshComponent.h">
      <Filter>Source\Engine\Component</Filter>
    </ClInclude>
    <ClInclude Include="Source\Engine\Component\MovementComponent.h">
      <Filter>Source\Engine\Component</Filter>
    </ClInclude>
    <ClInclude Include="Source\Engine\Component\PendulumMovementComponent.h">
      <Filter>Source\Engine\Component</Filter>
    </ClInclude>
    <ClInclude Include="Source\Engine\Component\PointLightComponent.h">
      <Filter>Source\Engine\Component</Filter>
    </ClInclude>
    <ClInclude Include="Source\Engine\Component\PrimitiveComponent.h">
      <Filter>Source\Engine\Component</Filter>
    </ClInclude>
    <ClInclude Include="Source\Engine\Component\ProjectileMovementComponent.h">
      <Filter>Source\Engine\Component</Filter>
    </ClInclude>
    <ClInclude Include="Source\Engine\Component\RotatingMovementComponent.h">
      <Filter>Source\Engine\Component</Filter>
    </ClInclude>
    <ClInclude Include="Source\Engine\Component\SceneComponent.h">
      <Filter>Source\Engine\Component</Filter>
    </ClInclude>
    <ClInclude Include="Source\Engine\Component\SpotLightComponent.h">
      <Filter>Source\Engine\Component</Filter>
    </ClInclude>
    <ClInclude Include="Source\Engine\Component\StaticMeshComponent.h">
      <Filter>Source\Engine\Component</Filter>
    </ClInclude>
    <ClInclude Include="Source\Engine\Component\SubUVComponent.h">
      <Filter>Source\Engine\Component</Filter>
    </ClInclude>
    <ClInclude Include="Source\Engine\Component\TextRenderComponent.h">
      <Filter>Source\Engine\Component</Filter>
    </ClInclude>
    <ClInclude Include="Source\Engine\Core\ClassTypes.h">
      <Filter>Source\Engine\Core</Filter>
    </ClInclude>
    <ClInclude Include="Source\Engine\Core\CollisionTypes.h">
      <Filter>Source\Engine\Core</Filter>
    </ClInclude>
    <ClInclude Include="Source\Engine\Core\Common.h">
      <Filter>Source\Engine\Core</Filter>
    </ClInclude>
    <ClInclude Include="Source\Engine\Core\CoreTypes.h">
      <Filter>Source\Engine\Core</Filter>
    </ClInclude>
    <ClInclude Include="Source\Engine\Core\EngineTypes.h">
      <Filter>Source\Engine\Core</Filter>
    </ClInclude>
    <ClInclude Include="Source\Engine\Core\PropertyTypes.h">
      <Filter>Source\Engine\Core</Filter>
    </ClInclude>
    <ClInclude Include="Source\Engine\Core\RayTypes.h">
      <Filter>Source\Engine\Core</Filter>
    </ClInclude>
    <ClInclude Include="Source\Engine\Core\ResourceTypes.h">
      <Filter>Source\Engine\Core</Filter>
    </ClInclude>
    <ClInclude Include="Source\Engine\Core\Singleton.h">
      <Filter>Source\Engine\Core</Filter>
    </ClInclude>
    <ClInclude Include="Source\Engine\Core\TickFunction.h">
      <Filter>Source\Engine\Core</Filter>
    </ClInclude>
    <ClInclude Include="Source\Engine\GameFramework\AActor.h">
      <Filter>Source\Engine\GameFramework</Filter>
    </ClInclude>
    <ClInclude Include="Source\Engine\GameFramework\AmbientLightActor.h">
      <Filter>Source\Engine\GameFramework</Filter>
    </ClInclude>
    <ClInclude Include="Source\Engine\GameFramework\DecalActor.h">
      <Filter>Source\Engine\GameFramework</Filter>
    </ClInclude>
    <ClInclude Include="Source\Engine\GameFramework\DirectionalLightActor.h">
      <Filter>Source\Engine\GameFramework</Filter>
    </ClInclude>
    <ClInclude Include="Source\Engine\GameFramework\FakeLightActor.h">
      <Filter>Source\Engine\GameFramework</Filter>
    </ClInclude>
    <ClInclude Include="Source\Engine\GameFramework\FireballActor.h">
      <Filter>Source\Engine\GameFramework</Filter>
    </ClInclude>
    <ClInclude Include="Source\Engine\GameFramework\HeightFogActor.h">
      <Filter>Source\Engine\GameFramework</Filter>
    </ClInclude>
    <ClInclude Include="Source\Engine\GameFramework\Level.h">
      <Filter>Source\Engine\GameFramework</Filter>
    </ClInclude>
    <ClInclude Include="Source\Engine\GameFramework\PointLightActor.h">
      <Filter>Source\Engine\GameFramework</Filter>
    </ClInclude>
    <ClInclude Include="Source\Engine\GameFramework\SpotLightActor.h">
      <Filter>Source\Engine\GameFramework</Filter>
    </ClInclude>
    <ClInclude Include="Source\Engine\GameFramework\StaticMeshActor.h">
      <Filter>Source\Engine\GameFramework</Filter>
    </ClInclude>
    <ClInclude Include="Source\Engine\GameFramework\World.h">
      <Filter>Source\Engine\GameFramework</Filter>
    </ClInclude>
    <ClInclude Include="Source\Engine\GameFramework\WorldContext.h">
      <Filter>Source\Engine\GameFramework</Filter>
    </ClInclude>
    <ClInclude Include="Source\Engine\Input\InputSystem.h">
      <Filter>Source\Engine\Input</Filter>
    </ClInclude>
    <ClInclude Include="Source\Engine\Materials\Material.h">
      <Filter>Source\Engine\Materials</Filter>
    </ClInclude>
    <ClInclude Include="Source\Engine\Materials\MaterialCore.h">
      <Filter>Source\Engine\Materials</Filter>
    </ClInclude>
    <ClInclude Include="Source\Engine\Materials\MaterialManager.h">
      <Filter>Source\Engine\Materials</Filter>
    </ClInclude>
    <ClInclude Include="Source\Engine\Materials\MaterialSemantics.h">
      <Filter>Source\Engine\Materials</Filter>
    </ClInclude>
    <ClInclude Include="Source\Engine\Math\MathUtils.h">
      <Filter>Source\Engine\Math</Filter>
    </ClInclude>
    <ClInclude Include="Source\Engine\Math\Matrix.h">
      <Filter>Source\Engine\Math</Filter>
    </ClInclude>
    <ClInclude Include="Source\Engine\Math\Quat.h">
      <Filter>Source\Engine\Math</Filter>
    </ClInclude>
    <ClInclude Include="Source\Engine\Math\Rotator.h">
      <Filter>Source\Engine\Math</Filter>
    </ClInclude>
    <ClInclude Include="Source\Engine\Math\Transform.h">
      <Filter>Source\Engine\Math</Filter>
    </ClInclude>
    <ClInclude Include="Source\Engine\Math\Vector.h">
      <Filter>Source\Engine\Math</Filter>
    </ClInclude>
    <ClInclude Include="Source\Engine\Mesh\MeshSimplifier.h">
      <Filter>Source\Engine\Mesh</Filter>
    </ClInclude>
    <ClInclude Include="Source\Engine\Mesh\ObjImporter.h">
      <Filter>Source\Engine\Mesh</Filter>
    </ClInclude>
    <ClInclude Include="Source\Engine\Mesh\ObjManager.h">
      <Filter>Source\Engine\Mesh</Filter>
    </ClInclude>
    <ClInclude Include="Source\Engine\Mesh\StaticMesh.h">
      <Filter>Source\Engine\Mesh</Filter>
    </ClInclude>
    <ClInclude Include="Source\Engine\Mesh\StaticMeshAsset.h">
      <Filter>Source\Engine\Mesh</Filter>
    </ClInclude>
    <ClInclude Include="Source\Engine\Object\FName.h">
      <Filter>Source\Engine\Object</Filter>
    </ClInclude>
    <ClInclude Include="Source\Engine\Object\Object.h">
      <Filter>Source\Engine\Object</Filter>
    </ClInclude>
    <ClInclude Include="Source\Engine\Object\ObjectFactory.h">
      <Filter>Source\Engine\Object</Filter>
    </ClInclude>
    <ClInclude Include="Source\Engine\Object\ObjectIterator.h">
      <Filter>Source\Engine\Object</Filter>
    </ClInclude>
    <ClInclude Include="Source\Engine\Object\UClass.h">
      <Filter>Source\Engine\Object</Filter>
    </ClInclude>
    <ClInclude Include="Source\Engine\Object\UUIDGenerator.h">
      <Filter>Source\Engine\Object</Filter>
    </ClInclude>
    <ClInclude Include="Source\Engine\Platform\ConsoleHelper.h">
      <Filter>Source\Engine\Platform</Filter>
    </ClInclude>
    <ClInclude Include="Source\Engine\Platform\CrashDump.h">
      <Filter>Source\Engine\Platform</Filter>
    </ClInclude>
    <ClInclude Include="Source\Engine\Platform\Paths.h">
      <Filter>Source\Engine\Platform</Filter>
    </ClInclude>
    <ClInclude Include="Source\Engine\Profiling\GPUProfiler.h">
      <Filter>Source\Engine\Profiling</Filter>
    </ClInclude>
    <ClInclude Include="Source\Engine\Profiling\MemoryStats.h">
      <Filter>Source\Engine\Profiling</Filter>
    </ClInclude>
    <ClInclude Include="Source\Engine\Profiling\PlatformTime.h">
      <Filter>Source\Engine\Profiling</Filter>
    </ClInclude>
    <ClInclude Include="Source\Engine\Profiling\Stats.h">
      <Filter>Source\Engine\Profiling</Filter>
    </ClInclude>
    <ClInclude Include="Source\Engine\Profiling\Timer.h">
      <Filter>Source\Engine\Profiling</Filter>
    </ClInclude>
    <ClInclude Include="Source\Engine\Render\Bindings\BindingSlots.h">
      <Filter>Source\Engine\Render\Bindings</Filter>
    </ClInclude>
    <ClInclude Include="Source\Engine\Render\Bindings\ConstantBufferLayouts.h">
      <Filter>Source\Engine\Render\Bindings</Filter>
    </ClInclude>
    <ClInclude Include="Source\Engine\Render\Core\RenderConstants.h">
      <Filter>Source\Engine\Render\Core</Filter>
    </ClInclude>
    <ClInclude Include="Source\Engine\Render\Core\SortKey.h">
      <Filter>Source\Engine\Render\Core</Filter>
    </ClInclude>
    <ClInclude Include="Source\Engine\Render\D3D11\Buffers\Buffers.h">
      <Filter>Source\Engine\Render\D3D11\Buffers</Filter>
    </ClInclude>
    <ClInclude Include="Source\Engine\Render\D3D11\Buffers\ConstantBuffer.h">
      <Filter>Source\Engine\Render\D3D11\Buffers</Filter>
    </ClInclude>
    <ClInclude Include="Source\Engine\Render\D3D11\Buffers\DynamicIndexBuffer.h">
      <Filter>Source\Engine\Render\D3D11\Buffers</Filter>
    </ClInclude>
    <ClInclude Include="Source\Engine\Render\D3D11\Buffers\DynamicVertexBuffer.h">
      <Filter>Source\Engine\Render\D3D11\Buffers</Filter>
    </ClInclude>
    <ClInclude Include="Source\Engine\Render\D3D11\Buffers\IndexBuffer.h">
      <Filter>Source\Engine\Render\D3D11\Buffers</Filter>
    </ClInclude>
    <ClInclude Include="Source\Engine\Render\D3D11\Buffers\MeshBuffer.h">
      <Filter>Source\Engine\Render\D3D11\Buffers</Filter>
    </ClInclude>
    <ClInclude Include="Source\Engine\Render\D3D11\Buffers\VertexBuffer.h">
      <Filter>Source\Engine\Render\D3D11\Buffers</Filter>
    </ClInclude>
    <ClInclude Include="Source\Engine\Render\D3D11\Device\D3DDevice.h">
      <Filter>Source\Engine\Render\D3D11\Device</Filter>
    </ClInclude>
    <ClInclude Include="Source\Engine\Render\D3D11\Shaders\Programs\GraphicsShaderProgram.h">
      <Filter>Source\Engine\Render\D3D11\Shaders\Programs</Filter>
    </ClInclude>
    <ClInclude Include="Source\Engine\Render\D3D11\Shaders\Stages\ComputeShaderStage.h">
      <Filter>Source\Engine\Render\D3D11\Shaders\Stages</Filter>
    </ClInclude>
    <ClInclude Include="Source\Engine\Render\D3D11\Shaders\Stages\PixelShaderStage.h">
      <Filter>Source\Engine\Render\D3D11\Shaders\Stages</Filter>
    </ClInclude>
    <ClInclude Include="Source\Engine\Render\D3D11\Shaders\Stages\VertexShaderStage.h">
      <Filter>Source\Engine\Render\D3D11\Shaders\Stages</Filter>
    </ClInclude>
    <ClInclude Include="Source\Engine\Render\D3D11\State\BlendStateManager.h">
      <Filter>Source\Engine\Render\D3D11\State</Filter>
    </ClInclude>
    <ClInclude Include="Source\Engine\Render\D3D11\State\DepthStencilStateManager.h">
      <Filter>Source\Engine\Render\D3D11\State</Filter>
    </ClInclude>
    <ClInclude Include="Source\Engine\Render\D3D11\State\RasterizerStateManager.h">
      <Filter>Source\Engine\Render\D3D11\State</Filter>
    </ClInclude>
    <ClInclude Include="Source\Engine\Render\Execution\PipelineShaderResolver.h">
      <Filter>Source\Engine\Render\Execution</Filter>
    </ClInclude>
    <ClInclude Include="Source\Engine\Render\Execution\RenderMarkers.h">
      <Filter>Source\Engine\Render\Execution</Filter>
    </ClInclude>
    <ClInclude Include="Source\Engine\Render\Execution\RenderPipelineRunner.h">
      <Filter>Source\Engine\Render\Execution</Filter>
    </ClInclude>
    <ClInclude Include="Source\Engine\Render\Execution\Renderer.h">
      <Filter>Source\Engine\Render\Execution</Filter>
    </ClInclude>
    <ClInclude Include="Source\Engine\Render\Passes\RenderPass.h">
      <Filter>Source\Engine\Render\Passes</Filter>
    </ClInclude>
    <ClInclude Include="Source\Engine\Render\Passes\Common\FullscreenPassBase.h">
      <Filter>Source\Engine\Render\Passes\Common</Filter>
    </ClInclude>
    <ClInclude Include="Source\Engine\Render\Passes\Common\MeshPassBase.h">
      <Filter>Source\Engine\Render\Passes\Common</Filter>
    </ClInclude>
    <ClInclude Include="Source\Engine\Render\Passes\Common\PassRenderState.h">
      <Filter>Source\Engine\Render\Passes\Common</Filter>
    </ClInclude>
    <ClInclude Include="Source\Engine\Render\Passes\Common\RenderPassContext.h">
      <Filter>Source\Engine\Render\Passes\Common</Filter>
    </ClInclude>
    <ClInclude Include="Source\Engine\Render\Passes\Editor\DebugLinePass.h">
      <Filter>Source\Engine\Render\Passes\Editor</Filter>
    </ClInclude>
    <ClInclude Include="Source\Engine\Render\Passes\Editor\GizmoPass.h">
      <Filter>Source\Engine\Render\Passes\Editor</Filter>
    </ClInclude>
    <ClInclude Include="Source\Engine\Render\Passes\Editor\OutlinePass.h">
      <Filter>Source\Engine\Render\Passes\Editor</Filter>
    </ClInclude>
    <ClInclude Include="Source\Engine\Render\Passes\Editor\OverlayTextPass.h">
      <Filter>Source\Engine\Render\Passes\Editor</Filter>
    </ClInclude>
    <ClInclude Include="Source\Engine\Render\Passes\Editor\SelectionMaskPass.h">
      <Filter>Source\Engine\Render\Passes\Editor</Filter>
    </ClInclude>
    <ClInclude Include="Source\Engine\Render\Passes\Geometry\AdditiveDecalPass.h">
      <Filter>Source\Engine\Render\Passes\Geometry</Filter>
    </ClInclude>
    <ClInclude Include="Source\Engine\Render\Passes\Geometry\AlphaBlendPass.h">
      <Filter>Source\Engine\Render\Passes\Geometry</Filter>
    </ClInclude>
    <ClInclude Include="Source\Engine\Render\Passes\Geometry\BaseDrawPass.h">
      <Filter>Source\Engine\Render\Passes\Geometry</Filter>
    </ClInclude>
    <ClInclude Include="Source\Engine\Render\Passes\Geometry\DecalPass.h">
      <Filter>Source\Engine\Render\Passes\Geometry</Filter>
    </ClInclude>
    <ClInclude Include="Source\Engine\Render\Passes\Geometry\DepthPrePass.h">
      <Filter>Source\Engine\Render\Passes\Geometry</Filter>
    </ClInclude>
    <ClInclude Include="Source\Engine\Render\Passes\PostProcess\FXAAPass.h">
      <Filter>Source\Engine\Render\Passes\PostProcess</Filter>
    </ClInclude>
    <ClInclude Include="Source\Engine\Render\Passes\PostProcess\HeightFogPass.h">
      <Filter>Source\Engine\Render\Passes\PostProcess</Filter>
    </ClInclude>
    <ClInclude Include="Source\Engine\Render\Passes\Resolve\LightingPass.h">
      <Filter>Source\Engine\Render\Passes\Resolve</Filter>
    </ClInclude>
    <ClInclude Include="Source\Engine\Render\Passes\Resolve\ViewModePostProcessPass.h">
      <Filter>Source\Engine\Render\Passes\Resolve</Filter>
    </ClInclude>
    <ClInclude Include="Source\Engine\Render\Pipelines\Registry\RenderPassRegistry.h">
      <Filter>Source\Engine\Render\Pipelines\Registry</Filter>
    </ClInclude>
    <ClInclude Include="Source\Engine\Render\Pipelines\Registry\RenderPipelineRegistry.h">
      <Filter>Source\Engine\Render\Pipelines\Registry</Filter>
    </ClInclude>
    <ClInclude Include="Source\Engine\Render\Pipelines\Registry\RenderPipelineType.h">
      <Filter>Source\Engine\Render\Pipelines\Registry</Filter>
    </ClInclude>
    <ClInclude Include="Source\Engine\Render\Pipelines\ViewMode\ViewModePassConfig.h">
      <Filter>Source\Engine\Render\Pipelines\ViewMode</Filter>
    </ClInclude>
    <ClInclude Include="Source\Engine\Render\Resources\Caches\ShaderVariantCache.h">
      <Filter>Source\Engine\Render\Resources\Caches</Filter>
    </ClInclude>
    <ClInclude Include="Source\Engine\Render\Resources\Frame\FrameSharedResources.h">
      <Filter>Source\Engine\Render\Resources\Frame</Filter>
    </ClInclude>
    <ClInclude Include="Source\Engine\Render\Resources\Managers\MeshBufferManager.h">
      <Filter>Source\Engine\Render\Resources\Managers</Filter>
    </ClInclude>
    <ClInclude Include="Source\Engine\Render\Resources\Managers\ShaderManager.h">
      <Filter>Source\Engine\Render\Resources\Managers</Filter>
    </ClInclude>
    <ClInclude Include="Source\Engine\Render\Resources\Pools\ConstantBufferPool.h">
      <Filter>Source\Engine\Render\Resources\Pools</Filter>
    </ClInclude>
    <ClInclude Include="Source\Engine\Render\Resources\Shaders\ShaderDependencyUtils.h">
      <Filter>Source\Engine\Render\Resources\Shaders</Filter>
    </ClInclude>
    <ClInclude Include="Source\Engine\Render\Scene\DirtyFlag.h">
      <Filter>Source\Engine\Render\Scene</Filter>
    </ClInclude>
    <ClInclude Include="Source\Engine\Render\Scene\Scene.h">
      <Filter>Source\Engine\Render\Scene</Filter>
    </ClInclude>
    <ClInclude Include="Source\Engine\Render\Scene\DebugDraw\DebugDrawQueue.h">
      <Filter>Source\Engine\Render\Scene\DebugDraw</Filter>
    </ClInclude>
    <ClInclude Include="Source\Engine\Render\Scene\DebugDraw\DrawDebugHelpers.h">
      <Filter>Source\Engine\Render\Scene\DebugDraw</Filter>
    </ClInclude>
    <ClInclude Include="Source\Engine\Render\Scene\DebugDraw\SceneDebugData.h">
      <Filter>Source\Engine\Render\Scene\DebugDraw</Filter>
    </ClInclude>
    <ClInclude Include="Source\Engine\Render\Scene\Proxies\Light\AmbientLightSceneProxy.h">
      <Filter>Source\Engine\Render\Scene\Proxies\Light</Filter>
    </ClInclude>
    <ClInclude Include="Source\Engine\Render\Scene\Proxies\Light\DirectionalLightSceneProxy.h">
      <Filter>Source\Engine\Render\Scene\Proxies\Light</Filter>
    </ClInclude>
    <ClInclude Include="Source\Engine\Render\Scene\Proxies\Light\LightSceneProxy.h">
      <Filter>Source\Engine\Render\Scene\Proxies\Light</Filter>
    </ClInclude>
    <ClInclude Include="Source\Engine\Render\Scene\Proxies\Light\PointLightSceneProxy.h">
      <Filter>Source\Engine\Render\Scene\Proxies\Light</Filter>
    </ClInclude>
    <ClInclude Include="Source\Engine\Render\Scene\Proxies\Light\SpotLightSceneProxy.h">
      <Filter>Source\Engine\Render\Scene\Proxies\Light</Filter>
    </ClInclude>
    <ClInclude Include="Source\Engine\Render\Scene\Proxies\Primitive\BillboardSceneProxy.h">
      <Filter>Source\Engine\Render\Scene\Proxies\Primitive</Filter>
    </ClInclude>
    <ClInclude Include="Source\Engine\Render\Scene\Proxies\Primitive\CylindricalBillboardSceneProxy.h">
      <Filter>Source\Engine\Render\Scene\Proxies\Primitive</Filter>
    </ClInclude>
    <ClInclude Include="Source\Engine\Render\Scene\Proxies\Primitive\DecalSceneProxy.h">
      <Filter>Source\Engine\Render\Scene\Proxies\Primitive</Filter>
    </ClInclude>
    <ClInclude Include="Source\Engine\Render\Scene\Proxies\Primitive\GizmoSceneProxy.h">
      <Filter>Source\Engine\Render\Scene\Proxies\Primitive</Filter>
    </ClInclude>
    <ClInclude Include="Source\Engine\Render\Scene\Proxies\Primitive\PrimitiveSceneProxy.h">
      <Filter>Source\Engine\Render\Scene\Proxies\Primitive</Filter>
    </ClInclude>
    <ClInclude Include="Source\Engine\Render\Scene\Proxies\Primitive\StaticMeshSceneProxy.h">
      <Filter>Source\Engine\Render\Scene\Proxies\Primitive</Filter>
    </ClInclude>
    <ClInclude Include="Source\Engine\Render\Scene\Proxies\Primitive\SubUVSceneProxy.h">
      <Filter>Source\Engine\Render\Scene\Proxies\Primitive</Filter>
    </ClInclude>
    <ClInclude Include="Source\Engine\Render\Scene\Proxies\Primitive\TextRenderSceneProxy.h">
      <Filter>Source\Engine\Render\Scene\Proxies\Primitive</Filter>
    </ClInclude>
    <ClInclude Include="Source\Engine\Render\Submission\Batching\BatchBuffer.h">
      <Filter>Source\Engine\Render\Submission\Batching</Filter>
    </ClInclude>
    <ClInclude Include="Source\Engine\Render\Submission\Batching\FontBatch.h">
      <Filter>Source\Engine\Render\Submission\Batching</Filter>
    </ClInclude>
    <ClInclude Include="Source\Engine\Render\Submission\Batching\LineBatch.h">
      <Filter>Source\Engine\Render\Submission\Batching</Filter>
    </ClInclude>
    <ClInclude Include="Source\Engine\Render\Submission\Builders\DecalDrawCommandBuilder.h">
      <Filter>Source\Engine\Render\Submission\Builders</Filter>
    </ClInclude>
    <ClInclude Include="Source\Engine\Render\Submission\Builders\FullscreenDrawCommandBuilder.h">
      <Filter>Source\Engine\Render\Submission\Builders</Filter>
    </ClInclude>
    <ClInclude Include="Source\Engine\Render\Submission\Builders\LineDrawCommandBuilder.h">
      <Filter>Source\Engine\Render\Submission\Builders</Filter>
    </ClInclude>
    <ClInclude Include="Source\Engine\Render\Submission\Builders\MeshDrawCommandBuilder.h">
      <Filter>Source\Engine\Render\Submission\Builders</Filter>
    </ClInclude>
    <ClInclude Include="Source\Engine\Render\Submission\Builders\TextDrawCommandBuilder.h">
      <Filter>Source\Engine\Render\Submission\Builders</Filter>
    </ClInclude>
    <ClInclude Include="Source\Engine\Render\Submission\Collectors\RenderCollector.h">
      <Filter>Source\Engine\Render\Submission\Collectors</Filter>
    </ClInclude>
    <ClInclude Include="Source\Engine\Render\Submission\Collectors\SceneDebugCollector.h">
      <Filter>Source\Engine\Render\Submission\Collectors</Filter>
    </ClInclude>
    <ClInclude Include="Source\Engine\Render\Submission\Collectors\SceneVisibilityCollector.h">
      <Filter>Source\Engine\Render\Submission\Collectors</Filter>
    </ClInclude>
    <ClInclude Include="Source\Engine\Render\Submission\Commands\DrawCommand.h">
      <Filter>Source\Engine\Render\Submission\Commands</Filter>
    </ClInclude>
    <ClInclude Include="Source\Engine\Render\Submission\Commands\DrawCommandList.h">
      <Filter>Source\Engine\Render\Submission\Commands</Filter>
    </ClInclude>
    <ClInclude Include="Source\Engine\Render\Submission\Commands\ShaderBindingSet.h">
      <Filter>Source\Engine\Render\Submission\Commands</Filter>
    </ClInclude>
    <ClInclude Include="Source\Engine\Render\Submission\Types\MeshSectionDraw.h">
      <Filter>Source\Engine\Render\Submission\Types</Filter>
    </ClInclude>
    <ClInclude Include="Source\Engine\Render\Types\FogParams.h">
      <Filter>Source\Engine\Render\Types</Filter>
    </ClInclude>
    <ClInclude Include="Source\Engine\Render\Types\LightTypes.h">
      <Filter>Source\Engine\Render\Types</Filter>
    </ClInclude>
    <ClInclude Include="Source\Engine\Render\Types\RenderAPI.h">
      <Filter>Source\Engine\Render\Types</Filter>
    </ClInclude>
    <ClInclude Include="Source\Engine\Render\Types\RenderEnums.h">
      <Filter>Source\Engine\Render\Types</Filter>
    </ClInclude>
    <ClInclude Include="Source\Engine\Render\Types\RenderStateTypes.h">
      <Filter>Source\Engine\Render\Types</Filter>
    </ClInclude>
    <ClInclude Include="Source\Engine\Render\Types\RenderTypes.h">
      <Filter>Source\Engine\Render\Types</Filter>
    </ClInclude>
    <ClInclude Include="Source\Engine\Render\Types\ShadingTypes.h">
      <Filter>Source\Engine\Render\Types</Filter>
    </ClInclude>
    <ClInclude Include="Source\Engine\Render\Types\VertexTypes.h">
      <Filter>Source\Engine\Render\Types</Filter>
    </ClInclude>
    <ClInclude Include="Source\Engine\Render\Types\ViewTypes.h">
      <Filter>Source\Engine\Render\Types</Filter>
    </ClInclude>
    <ClInclude Include="Source\Engine\Render\View\SceneView.h">
      <Filter>Source\Engine\Render\View</Filter>
    </ClInclude>
    <ClInclude Include="Source\Engine\Render\View\ViewModeSurfaceSet.h">
      <Filter>Source\Engine\Render\View</Filter>
    </ClInclude>
    <ClInclude Include="Source\Engine\Render\View\ViewportRenderTargets.h">
      <Filter>Source\Engine\Render\View</Filter>
    </ClInclude>
    <ClInclude Include="Source\Engine\Render\Visibility\ConvexVolume.h">
      <Filter>Source\Engine\Render\Visibility</Filter>
    </ClInclude>
    <ClInclude Include="Source\Engine\Render\Visibility\GPUOcclusionCulling.h">
      <Filter>Source\Engine\Render\Visibility</Filter>
    </ClInclude>
    <ClInclude Include="Source\Engine\Render\Visibility\OcclusionCulling.h">
      <Filter>Source\Engine\Render\Visibility</Filter>
    </ClInclude>
    <ClInclude Include="Source\Engine\Render\Visibility\LOD\LODContext.h">
      <Filter>Source\Engine\Render\Visibility\LOD</Filter>
    </ClInclude>
    <ClInclude Include="Source\Engine\Resource\ResourceManager.h">
      <Filter>Source\Engine\Resource</Filter>
    </ClInclude>
    <ClInclude Include="Source\Engine\Runtime\Engine.h">
      <Filter>Source\Engine\Runtime</Filter>
    </ClInclude>
    <ClInclude Include="Source\Engine\Runtime\EngineLoop.h">
      <Filter>Source\Engine\Runtime</Filter>
    </ClInclude>
    <ClInclude Include="Source\Engine\Runtime\Launch.h">
      <Filter>Source\Engine\Runtime</Filter>
    </ClInclude>
    <ClInclude Include="Source\Engine\Runtime\WindowsApplication.h">
      <Filter>Source\Engine\Runtime</Filter>
    </ClInclude>
    <ClInclude Include="Source\Engine\Runtime\WindowsWindow.h">
      <Filter>Source\Engine\Runtime</Filter>
    </ClInclude>
    <ClInclude Include="Source\Engine\Runtime\resource.h">
      <Filter>Source\Engine\Runtime</Filter>
    </ClInclude>
    <ClInclude Include="Source\Engine\Serialization\Archive.h">
      <Filter>Source\Engine\Serialization</Filter>
    </ClInclude>
    <ClInclude Include="Source\Engine\Serialization\MemoryArchive.h">
      <Filter>Source\Engine\Serialization</Filter>
    </ClInclude>
    <ClInclude Include="Source\Engine\Serialization\SceneSaveManager.h">
      <Filter>Source\Engine\Serialization</Filter>
    </ClInclude>
    <ClInclude Include="Source\Engine\Serialization\WindowsArchive.h">
      <Filter>Source\Engine\Serialization</Filter>
    </ClInclude>
    <ClInclude Include="Source\Engine\Texture\Texture2D.h">
      <Filter>Source\Engine\Texture</Filter>
    </ClInclude>
    <ClInclude Include="Source\Engine\UI\SSplitter.h">
      <Filter>Source\Engine\UI</Filter>
    </ClInclude>
    <ClInclude Include="Source\Engine\UI\SWidget.h">
      <Filter>Source\Engine\UI</Filter>
    </ClInclude>
    <ClInclude Include="Source\Engine\UI\SWindow.h">
      <Filter>Source\Engine\UI</Filter>
    </ClInclude>
    <ClInclude Include="Source\Engine\Viewport\GameViewportClient.h">
      <Filter>Source\Engine\Viewport</Filter>
    </ClInclude>
    <ClInclude Include="Source\Engine\Viewport\Viewport.h">
      <Filter>Source\Engine\Viewport</Filter>
    </ClInclude>
    <ClInclude Include="Source\Engine\Viewport\ViewportClient.h">
      <Filter>Source\Engine\Viewport</Filter>
    </ClInclude>
    <ClInclude Include="Source\ObjViewer\ObjViewerEngine.h">
      <Filter>Source\ObjViewer</Filter>
    </ClInclude>
    <ClInclude Include="Source\ObjViewer\ObjViewerPanel.h">
      <Filter>Source\ObjViewer</Filter>
    </ClInclude>
    <ClInclude Include="Source\ObjViewer\ObjViewerRenderPipeline.h">
      <Filter>Source\ObjViewer</Filter>
    </ClInclude>
    <ClInclude Include="Source\ObjViewer\ObjViewerViewportClient.h">
      <Filter>Source\ObjViewer</Filter>
    </ClInclude>
    <ClInclude Include="ThirdParty\ImGui\imconfig.h">
      <Filter>ThirdParty\ImGui</Filter>
    </ClInclude>
    <ClInclude Include="ThirdParty\ImGui\imgui.h">
      <Filter>ThirdParty\ImGui</Filter>
    </ClInclude>
    <ClInclude Include="ThirdParty\ImGui\imgui_impl_dx11.h">
      <Filter>ThirdParty\ImGui</Filter>
    </ClInclude>
    <ClInclude Include="ThirdParty\ImGui\imgui_impl_win32.h">
      <Filter>ThirdParty\ImGui</Filter>
    </ClInclude>
    <ClInclude Include="ThirdParty\ImGui\imgui_internal.h">
      <Filter>ThirdParty\ImGui</Filter>
    </ClInclude>
    <ClInclude Include="ThirdParty\ImGui\imstb_rectpack.h">
      <Filter>ThirdParty\ImGui</Filter>
    </ClInclude>
    <ClInclude Include="ThirdParty\ImGui\imstb_textedit.h">
      <Filter>ThirdParty\ImGui</Filter>
    </ClInclude>
    <ClInclude Include="ThirdParty\ImGui\imstb_truetype.h">
      <Filter>ThirdParty\ImGui</Filter>
    </ClInclude>
    <ClInclude Include="ThirdParty\SimpleJSON\json.hpp">
      <Filter>ThirdParty\SimpleJSON</Filter>
    </ClInclude>
  </ItemGroup>
  <ItemGroup>
    <ResourceCompile Include="KraftonEngine.rc" />
  </ItemGroup>
</Project>
