<?xml version="1.0" encoding="utf-8"?>
<Project ToolsVersion="4.0" xmlns="http://schemas.microsoft.com/developer/msbuild/2003">
  <ItemGroup>
    <Filter Include="Shaders">
      <UniqueIdentifier>{4cc279fc-92e1-51e4-a50f-52a3df29a34b}</UniqueIdentifier>
    </Filter>
    <Filter Include="Shaders\Common">
      <UniqueIdentifier>{bb752121-f45d-1257-77ec-8e24c8f1d865}</UniqueIdentifier>
    </Filter>
    <Filter Include="Source">
      <UniqueIdentifier>{1ee46e81-363c-7c61-8681-bee8655fa7d6}</UniqueIdentifier>
    </Filter>
    <Filter Include="Source\Editor">
      <UniqueIdentifier>{879fdc11-4e44-c448-2bbf-5fd281dc244f}</UniqueIdentifier>
    </Filter>
    <Filter Include="Source\Editor\PIE">
      <UniqueIdentifier>{1485fbd8-4084-14c8-cd14-33798c9651d4}</UniqueIdentifier>
    </Filter>
    <Filter Include="Source\Editor\Selection">
      <UniqueIdentifier>{024578ed-1bd0-0e0e-b5f9-209501f28d5c}</UniqueIdentifier>
    </Filter>
    <Filter Include="Source\Editor\Settings">
      <UniqueIdentifier>{7a51210c-716f-6661-7da2-49e10cc57a1b}</UniqueIdentifier>
    </Filter>
    <Filter Include="Source\Editor\Subsystem">
      <UniqueIdentifier>{6389b5b6-14f6-237a-9b3e-284fd2a8c8d5}</UniqueIdentifier>
    </Filter>
    <Filter Include="Source\Editor\UI">
      <UniqueIdentifier>{d23c3ab5-7e26-ff59-be61-b2a81e9921c0}</UniqueIdentifier>
    </Filter>
    <Filter Include="Source\Editor\Viewport">
      <UniqueIdentifier>{42b90bf1-e993-e912-0e50-58d7095d5e8c}</UniqueIdentifier>
    </Filter>
    <Filter Include="Source\Engine">
      <UniqueIdentifier>{d0b56061-5521-9f21-3d03-1e11f47e99a7}</UniqueIdentifier>
    </Filter>
    <Filter Include="Source\Engine\Collision">
      <UniqueIdentifier>{0a1ac0a6-fa86-45a3-c38e-91b60c7ce3cf}</UniqueIdentifier>
    </Filter>
    <Filter Include="Source\Engine\Component">
      <UniqueIdentifier>{22bbd7c0-73bc-1bc4-992f-be08238b1609}</UniqueIdentifier>
    </Filter>
    <Filter Include="Source\Engine\Core">
      <UniqueIdentifier>{aaeb2f3f-eff4-9d0e-a471-82c1372b9aed}</UniqueIdentifier>
    </Filter>
    <Filter Include="Source\Engine\GameFramework">
      <UniqueIdentifier>{743ddc11-5d76-490b-ec9f-e2fb16e32a8c}</UniqueIdentifier>
    </Filter>
    <Filter Include="Source\Engine\Input">
      <UniqueIdentifier>{c563256b-2b89-b89b-5f9e-409fc19b723f}</UniqueIdentifier>
    </Filter>
    <Filter Include="Source\Engine\Materials">
      <UniqueIdentifier>{0d06ac75-3073-6c4d-1a46-4fbda12823ff}</UniqueIdentifier>
    </Filter>
    <Filter Include="Source\Engine\Math">
      <UniqueIdentifier>{46de3e62-85b2-9f3b-da45-712c96b11891}</UniqueIdentifier>
    </Filter>
    <Filter Include="Source\Engine\Mesh">
      <UniqueIdentifier>{bbebedbe-cba0-a169-fed5-d9f090687300}</UniqueIdentifier>
    </Filter>
    <Filter Include="Source\Engine\Object">
      <UniqueIdentifier>{f6219ff0-0046-2f35-71f3-ad6383da3d2c}</UniqueIdentifier>
    </Filter>
    <Filter Include="Source\Engine\Platform">
      <UniqueIdentifier>{813e0a37-91de-2afc-805f-1a0f801727b9}</UniqueIdentifier>
    </Filter>
    <Filter Include="Source\Engine\Profiling">
      <UniqueIdentifier>{5383532c-a400-5456-f688-3437e29a15f3}</UniqueIdentifier>
    </Filter>
    <Filter Include="Source\Engine\Render">
      <UniqueIdentifier>{16ec6128-166d-ab0f-2135-c0c61f984faf}</UniqueIdentifier>
    </Filter>
    <Filter Include="Source\Engine\Render\Batching">
      <UniqueIdentifier>{fde76375-d03b-4b69-e7ea-a35a7745de12}</UniqueIdentifier>
    </Filter>
    <Filter Include="Source\Engine\Render\Builders">
      <UniqueIdentifier>{59428dd1-0c5b-37d8-2739-c501238a8b47}</UniqueIdentifier>
    </Filter>
    <Filter Include="Source\Engine\Render\Collectors">
      <UniqueIdentifier>{e6cdc88e-d910-3258-dc12-ce12368a4d57}</UniqueIdentifier>
    </Filter>
    <Filter Include="Source\Engine\Render\Commands">
      <UniqueIdentifier>{aa770597-1880-1438-1c9f-d468ec4ccd24}</UniqueIdentifier>
    </Filter>
    <Filter Include="Source\Engine\Render\Core">
      <UniqueIdentifier>{10f600ed-a596-906f-6415-275e93d7f337}</UniqueIdentifier>
    </Filter>
    <Filter Include="Source\Engine\Render\Debug">
      <UniqueIdentifier>{b8362f1c-8314-ae05-0faf-911895eac05c}</UniqueIdentifier>
    </Filter>
    <Filter Include="Source\Engine\Render\Execution">
      <UniqueIdentifier>{0549ffa0-abc9-3edc-7c51-c498324d9e4a}</UniqueIdentifier>
    </Filter>
    <Filter Include="Source\Engine\Render\Frame">
      <UniqueIdentifier>{11160c18-656f-7e96-851e-ce8cbc8012d2}</UniqueIdentifier>
    </Filter>
    <Filter Include="Source\Engine\Render\Hardware">
      <UniqueIdentifier>{8446fc3a-deec-bf83-d259-02dfab118372}</UniqueIdentifier>
    </Filter>
    <Filter Include="Source\Engine\Render\Hardware\Device">
      <UniqueIdentifier>{2ecbf958-255a-af8e-eb4c-7afbdbaefb63}</UniqueIdentifier>
    </Filter>
    <Filter Include="Source\Engine\Render\Hardware\Resources">
      <UniqueIdentifier>{fc3201c2-63a1-9e4e-089b-06b1cbd80d38}</UniqueIdentifier>
    </Filter>
    <Filter Include="Source\Engine\Render\Hardware\State">
      <UniqueIdentifier>{58c66356-7038-939b-e04c-06b79acd9c12}</UniqueIdentifier>
    </Filter>
    <Filter Include="Source\Engine\Render\Passes">
      <UniqueIdentifier>{e4d448db-9827-dd2f-72e0-d0d4895c5a13}</UniqueIdentifier>
    </Filter>
    <Filter Include="Source\Engine\Render\Passes\Editor">
      <UniqueIdentifier>{535d2d8a-5164-b66c-9c0c-7c1c899f2627}</UniqueIdentifier>
    </Filter>
    <Filter Include="Source\Engine\Render\Passes\Scene">
      <UniqueIdentifier>{b0496778-85e5-6978-8464-f8967dd4fe95}</UniqueIdentifier>
    </Filter>
    <Filter Include="Source\Engine\Render\Passes\Shared">
      <UniqueIdentifier>{263d3e5e-50ce-02a4-ecd3-6e8a72474bae}</UniqueIdentifier>
    </Filter>
    <Filter Include="Source\Engine\Render\Pipelines">
      <UniqueIdentifier>{975cbfaf-fc09-ae58-b40d-4c7135cc2af0}</UniqueIdentifier>
    </Filter>
    <Filter Include="Source\Engine\Render\Resource">
      <UniqueIdentifier>{f7c09818-7a72-3a04-d6dd-8e5897cf81bc}</UniqueIdentifier>
    </Filter>
    <Filter Include="Source\Engine\Render\Scene">
      <UniqueIdentifier>{773edb3e-6615-a398-31f8-5f6fe4028008}</UniqueIdentifier>
    </Filter>
    <Filter Include="Source\Engine\Render\Scene\Core">
      <UniqueIdentifier>{38486cef-f664-4965-414c-2e6b19452f38}</UniqueIdentifier>
    </Filter>
    <Filter Include="Source\Engine\Render\Scene\Proxies">
      <UniqueIdentifier>{c86ce6c1-d35b-837d-97ed-051762b239df}</UniqueIdentifier>
    </Filter>
    <Filter Include="Source\Engine\Render\Scene\Proxies\Light">
      <UniqueIdentifier>{f4621ee0-a1eb-ae4f-1eb1-cb560fafbbfc}</UniqueIdentifier>
    </Filter>
    <Filter Include="Source\Engine\Render\Scene\Proxies\Primitive">
      <UniqueIdentifier>{9f981728-91ca-763b-bca8-5db990a390b6}</UniqueIdentifier>
    </Filter>
    <Filter Include="Source\Engine\Render\Types">
      <UniqueIdentifier>{5c8a6ef8-769c-e1cf-6594-03b5821e5f57}</UniqueIdentifier>
    </Filter>
    <Filter Include="Source\Engine\Render\Visibility">
      <UniqueIdentifier>{8ab460b5-5671-63a0-b501-8a85e166be17}</UniqueIdentifier>
    </Filter>
    <Filter Include="Source\Engine\Resource">
      <UniqueIdentifier>{856648ae-d4d3-9a74-aa50-13bfda809bf1}</UniqueIdentifier>
    </Filter>
    <Filter Include="Source\Engine\Runtime">
      <UniqueIdentifier>{a1bbb40a-2c30-7ca6-caf9-d2e4532b09c3}</UniqueIdentifier>
    </Filter>
    <Filter Include="Source\Engine\Serialization">
      <UniqueIdentifier>{b03fb85a-4e75-0b00-08fd-bb38cdc05e3f}</UniqueIdentifier>
    </Filter>
    <Filter Include="Source\Engine\Texture">
      <UniqueIdentifier>{a2a36f49-f806-d651-ef8d-21314e78d9ad}</UniqueIdentifier>
    </Filter>
    <Filter Include="Source\Engine\UI">
      <UniqueIdentifier>{e91ccaa5-c2ef-6d1b-0c73-22388c8418d2}</UniqueIdentifier>
    </Filter>
    <Filter Include="Source\Engine\Viewport">
      <UniqueIdentifier>{b95fbad5-2f3a-0600-c7ff-db94055fd64b}</UniqueIdentifier>
    </Filter>
    <Filter Include="Source\ObjViewer">
      <UniqueIdentifier>{3e63d691-bd37-40d8-2cea-c874f8e3a95b}</UniqueIdentifier>
    </Filter>
    <Filter Include="ThirdParty">
      <UniqueIdentifier>{b6ce33ca-bd0b-67d0-3b00-df63693ce519}</UniqueIdentifier>
    </Filter>
    <Filter Include="ThirdParty\ImGui">
      <UniqueIdentifier>{5fdcaaee-156a-a40d-82bd-8b77a5a402df}</UniqueIdentifier>
    </Filter>
    <Filter Include="ThirdParty\SimpleJSON">
      <UniqueIdentifier>{b5b63371-405e-e009-4e4e-e3b5a25ee7bd}</UniqueIdentifier>
    </Filter>
  </ItemGroup>
  <ItemGroup>
    <FxCompile Include="Shaders\BaseDraw.hlsl">
      <Filter>Shaders</Filter>
    </FxCompile>
    <FxCompile Include="Shaders\CommonTypes.hlsli">
      <Filter>Shaders</Filter>
    </FxCompile>
    <FxCompile Include="Shaders\DecalCommon.hlsli">
      <Filter>Shaders</Filter>
    </FxCompile>
    <FxCompile Include="Shaders\DecalPass.hlsl">
      <Filter>Shaders</Filter>
    </FxCompile>
    <FxCompile Include="Shaders\DecalShader.hlsl">
      <Filter>Shaders</Filter>
    </FxCompile>
    <FxCompile Include="Shaders\DepthOnly.hlsl">
      <Filter>Shaders</Filter>
    </FxCompile>
    <FxCompile Include="Shaders\Editor.hlsl">
      <Filter>Shaders</Filter>
    </FxCompile>
    <FxCompile Include="Shaders\FXAA.hlsl">
      <Filter>Shaders</Filter>
    </FxCompile>
    <FxCompile Include="Shaders\FakeLightShader.hlsl">
      <Filter>Shaders</Filter>
    </FxCompile>
    <FxCompile Include="Shaders\Gizmo.hlsl">
      <Filter>Shaders</Filter>
    </FxCompile>
    <FxCompile Include="Shaders\HeightFog.hlsl">
      <Filter>Shaders</Filter>
    </FxCompile>
    <FxCompile Include="Shaders\HiZGenerate.hlsl">
      <Filter>Shaders</Filter>
    </FxCompile>
    <FxCompile Include="Shaders\LightingCommon.hlsli">
      <Filter>Shaders</Filter>
    </FxCompile>
    <FxCompile Include="Shaders\LightingPass.hlsl">
      <Filter>Shaders</Filter>
    </FxCompile>
    <FxCompile Include="Shaders\NormalView.hlsl">
      <Filter>Shaders</Filter>
    </FxCompile>
    <FxCompile Include="Shaders\OcclusionTest.hlsl">
      <Filter>Shaders</Filter>
    </FxCompile>
    <FxCompile Include="Shaders\OutlinePostProcess.hlsl">
      <Filter>Shaders</Filter>
    </FxCompile>
    <FxCompile Include="Shaders\Primitive.hlsl">
      <Filter>Shaders</Filter>
    </FxCompile>
    <FxCompile Include="Shaders\SceneDepth.hlsl">
      <Filter>Shaders</Filter>
    </FxCompile>
    <FxCompile Include="Shaders\ShaderBillboard.hlsl">
      <Filter>Shaders</Filter>
    </FxCompile>
    <FxCompile Include="Shaders\ShaderFont.hlsl">
      <Filter>Shaders</Filter>
    </FxCompile>
    <FxCompile Include="Shaders\ShaderOverlayFont.hlsl">
      <Filter>Shaders</Filter>
    </FxCompile>
    <FxCompile Include="Shaders\ShaderSubUV.hlsl">
      <Filter>Shaders</Filter>
    </FxCompile>
    <FxCompile Include="Shaders\StaticMeshMaterialCommon.hlsli">
      <Filter>Shaders</Filter>
    </FxCompile>
    <FxCompile Include="Shaders\StaticMeshShader.hlsl">
      <Filter>Shaders</Filter>
    </FxCompile>
    <FxCompile Include="Shaders\SurfaceData.hlsli">
      <Filter>Shaders</Filter>
    </FxCompile>
    <FxCompile Include="Shaders\UberLit.hlsl">
      <Filter>Shaders</Filter>
    </FxCompile>
    <FxCompile Include="Shaders\Common\ConstantBuffers.hlsl">
      <Filter>Shaders\Common</Filter>
    </FxCompile>
    <FxCompile Include="Shaders\Common\Functions.hlsl">
      <Filter>Shaders\Common</Filter>
    </FxCompile>
    <FxCompile Include="Shaders\Common\SystemResources.hlsl">
      <Filter>Shaders\Common</Filter>
    </FxCompile>
    <FxCompile Include="Shaders\Common\SystemSamplers.hlsl">
      <Filter>Shaders\Common</Filter>
    </FxCompile>
    <FxCompile Include="Shaders\Common\VertexLayouts.hlsl">
      <Filter>Shaders\Common</Filter>
    </FxCompile>
  </ItemGroup>
  <ItemGroup>
    <ClCompile Include="Source\Editor\EditorEngine.cpp">
      <Filter>Source\Editor</Filter>
    </ClCompile>
    <ClCompile Include="Source\Editor\Selection\SelectionManager.cpp">
      <Filter>Source\Editor\Selection</Filter>
    </ClCompile>
    <ClCompile Include="Source\Editor\Settings\EditorSettings.cpp">
      <Filter>Source\Editor\Settings</Filter>
    </ClCompile>
    <ClCompile Include="Source\Editor\Subsystem\OverlayStatSystem.cpp">
      <Filter>Source\Editor\Subsystem</Filter>
    </ClCompile>
    <ClCompile Include="Source\Editor\UI\EditorConsolePanel.cpp">
      <Filter>Source\Editor\UI</Filter>
    </ClCompile>
    <ClCompile Include="Source\Editor\UI\EditorControlPanel.cpp">
      <Filter>Source\Editor\UI</Filter>
    </ClCompile>
    <ClCompile Include="Source\Editor\UI\EditorDetailsPanel.cpp">
      <Filter>Source\Editor\UI</Filter>
    </ClCompile>
    <ClCompile Include="Source\Editor\UI\EditorMainPanel.cpp">
      <Filter>Source\Editor\UI</Filter>
    </ClCompile>
    <ClCompile Include="Source\Editor\UI\EditorMaterialPanel.cpp">
      <Filter>Source\Editor\UI</Filter>
    </ClCompile>
    <ClCompile Include="Source\Editor\UI\EditorPanel.cpp">
      <Filter>Source\Editor\UI</Filter>
    </ClCompile>
    <ClCompile Include="Source\Editor\UI\EditorSceneManagerPanel.cpp">
      <Filter>Source\Editor\UI</Filter>
    </ClCompile>
    <ClCompile Include="Source\Editor\UI\EditorStatPanel.cpp">
      <Filter>Source\Editor\UI</Filter>
    </ClCompile>
    <ClCompile Include="Source\Editor\UI\EditorToolbarPanel.cpp">
      <Filter>Source\Editor\UI</Filter>
    </ClCompile>
    <ClCompile Include="Source\Editor\UI\EditorViewportPanel.cpp">
      <Filter>Source\Editor\UI</Filter>
    </ClCompile>
    <ClCompile Include="Source\Editor\Viewport\EditorViewportClient.cpp">
      <Filter>Source\Editor\Viewport</Filter>
    </ClCompile>
    <ClCompile Include="Source\Editor\Viewport\FLevelViewportLayout.cpp">
      <Filter>Source\Editor\Viewport</Filter>
    </ClCompile>
    <ClCompile Include="Source\Engine\Collision\MeshTriangleBVH.cpp">
      <Filter>Source\Engine\Collision</Filter>
    </ClCompile>
    <ClCompile Include="Source\Engine\Collision\Octree.cpp">
      <Filter>Source\Engine\Collision</Filter>
    </ClCompile>
    <ClCompile Include="Source\Engine\Collision\RayUtils.cpp">
      <Filter>Source\Engine\Collision</Filter>
    </ClCompile>
    <ClCompile Include="Source\Engine\Collision\RayUtilsSIMD.cpp">
      <Filter>Source\Engine\Collision</Filter>
    </ClCompile>
    <ClCompile Include="Source\Engine\Collision\SpatialPartition.cpp">
      <Filter>Source\Engine\Collision</Filter>
    </ClCompile>
    <ClCompile Include="Source\Engine\Collision\WorldPrimitivePickingBVH.cpp">
      <Filter>Source\Engine\Collision</Filter>
    </ClCompile>
    <ClCompile Include="Source\Engine\Component\ActorComponent.cpp">
      <Filter>Source\Engine\Component</Filter>
    </ClCompile>
    <ClCompile Include="Source\Engine\Component\AmbientLightComponent.cpp">
      <Filter>Source\Engine\Component</Filter>
    </ClCompile>
    <ClCompile Include="Source\Engine\Component\BillboardComponent.cpp">
      <Filter>Source\Engine\Component</Filter>
    </ClCompile>
    <ClCompile Include="Source\Engine\Component\CameraComponent.cpp">
      <Filter>Source\Engine\Component</Filter>
    </ClCompile>
    <ClCompile Include="Source\Engine\Component\CylindricalBillboardComponent.cpp">
      <Filter>Source\Engine\Component</Filter>
    </ClCompile>
    <ClCompile Include="Source\Engine\Component\DecalComponent.cpp">
      <Filter>Source\Engine\Component</Filter>
    </ClCompile>
    <ClCompile Include="Source\Engine\Component\DirectionalLightComponent.cpp">
      <Filter>Source\Engine\Component</Filter>
    </ClCompile>
    <ClCompile Include="Source\Engine\Component\GizmoComponent.cpp">
      <Filter>Source\Engine\Component</Filter>
    </ClCompile>
    <ClCompile Include="Source\Engine\Component\HeightFogComponent.cpp">
      <Filter>Source\Engine\Component</Filter>
    </ClCompile>
    <ClCompile Include="Source\Engine\Component\LightComponent.cpp">
      <Filter>Source\Engine\Component</Filter>
    </ClCompile>
    <ClCompile Include="Source\Engine\Component\LightComponentBase.cpp">
      <Filter>Source\Engine\Component</Filter>
    </ClCompile>
    <ClCompile Include="Source\Engine\Component\MeshComponent.cpp">
      <Filter>Source\Engine\Component</Filter>
    </ClCompile>
    <ClCompile Include="Source\Engine\Component\MovementComponent.cpp">
      <Filter>Source\Engine\Component</Filter>
    </ClCompile>
    <ClCompile Include="Source\Engine\Component\PendulumMovementComponent.cpp">
      <Filter>Source\Engine\Component</Filter>
    </ClCompile>
    <ClCompile Include="Source\Engine\Component\PointLightComponent.cpp">
      <Filter>Source\Engine\Component</Filter>
    </ClCompile>
    <ClCompile Include="Source\Engine\Component\PrimitiveComponent.cpp">
      <Filter>Source\Engine\Component</Filter>
    </ClCompile>
    <ClCompile Include="Source\Engine\Component\ProjectileMovementComponent.cpp">
      <Filter>Source\Engine\Component</Filter>
    </ClCompile>
    <ClCompile Include="Source\Engine\Component\RotatingMovementComponent.cpp">
      <Filter>Source\Engine\Component</Filter>
    </ClCompile>
    <ClCompile Include="Source\Engine\Component\SceneComponent.cpp">
      <Filter>Source\Engine\Component</Filter>
    </ClCompile>
    <ClCompile Include="Source\Engine\Component\SpotLightComponent.cpp">
      <Filter>Source\Engine\Component</Filter>
    </ClCompile>
    <ClCompile Include="Source\Engine\Component\StaticMeshComponent.cpp">
      <Filter>Source\Engine\Component</Filter>
    </ClCompile>
    <ClCompile Include="Source\Engine\Component\SubUVComponent.cpp">
      <Filter>Source\Engine\Component</Filter>
    </ClCompile>
    <ClCompile Include="Source\Engine\Component\TextRenderComponent.cpp">
      <Filter>Source\Engine\Component</Filter>
    </ClCompile>
    <ClCompile Include="Source\Engine\Core\EngineTypes.cpp">
      <Filter>Source\Engine\Core</Filter>
    </ClCompile>
    <ClCompile Include="Source\Engine\Core\TickFunction.cpp">
      <Filter>Source\Engine\Core</Filter>
    </ClCompile>
    <ClCompile Include="Source\Engine\GameFramework\AActor.cpp">
      <Filter>Source\Engine\GameFramework</Filter>
    </ClCompile>
    <ClCompile Include="Source\Engine\GameFramework\AmbientLightActor.cpp">
      <Filter>Source\Engine\GameFramework</Filter>
    </ClCompile>
    <ClCompile Include="Source\Engine\GameFramework\DecalActor.cpp">
      <Filter>Source\Engine\GameFramework</Filter>
    </ClCompile>
    <ClCompile Include="Source\Engine\GameFramework\DirectionalLightActor.cpp">
      <Filter>Source\Engine\GameFramework</Filter>
    </ClCompile>
    <ClCompile Include="Source\Engine\GameFramework\FakeLightActor.cpp">
      <Filter>Source\Engine\GameFramework</Filter>
    </ClCompile>
    <ClCompile Include="Source\Engine\GameFramework\FireballActor.cpp">
      <Filter>Source\Engine\GameFramework</Filter>
    </ClCompile>
    <ClCompile Include="Source\Engine\GameFramework\HeightFogActor.cpp">
      <Filter>Source\Engine\GameFramework</Filter>
    </ClCompile>
    <ClCompile Include="Source\Engine\GameFramework\Level.cpp">
      <Filter>Source\Engine\GameFramework</Filter>
    </ClCompile>
    <ClCompile Include="Source\Engine\GameFramework\PointLightActor.cpp">
      <Filter>Source\Engine\GameFramework</Filter>
    </ClCompile>
    <ClCompile Include="Source\Engine\GameFramework\SpotLightActor.cpp">
      <Filter>Source\Engine\GameFramework</Filter>
    </ClCompile>
    <ClCompile Include="Source\Engine\GameFramework\StaticMeshActor.cpp">
      <Filter>Source\Engine\GameFramework</Filter>
    </ClCompile>
    <ClCompile Include="Source\Engine\GameFramework\World.cpp">
      <Filter>Source\Engine\GameFramework</Filter>
    </ClCompile>
    <ClCompile Include="Source\Engine\Input\InputSystem.cpp">
      <Filter>Source\Engine\Input</Filter>
    </ClCompile>
    <ClCompile Include="Source\Engine\Materials\Material.cpp">
      <Filter>Source\Engine\Materials</Filter>
    </ClCompile>
    <ClCompile Include="Source\Engine\Materials\MaterialCore.cpp">
      <Filter>Source\Engine\Materials</Filter>
    </ClCompile>
    <ClCompile Include="Source\Engine\Materials\MaterialManager.cpp">
      <Filter>Source\Engine\Materials</Filter>
    </ClCompile>
    <ClCompile Include="Source\Engine\Math\Matrix.cpp">
      <Filter>Source\Engine\Math</Filter>
    </ClCompile>
    <ClCompile Include="Source\Engine\Math\Quat.cpp">
      <Filter>Source\Engine\Math</Filter>
    </ClCompile>
    <ClCompile Include="Source\Engine\Math\Rotator.cpp">
      <Filter>Source\Engine\Math</Filter>
    </ClCompile>
    <ClCompile Include="Source\Engine\Math\Transform.cpp">
      <Filter>Source\Engine\Math</Filter>
    </ClCompile>
    <ClCompile Include="Source\Engine\Math\Vector.cpp">
      <Filter>Source\Engine\Math</Filter>
    </ClCompile>
    <ClCompile Include="Source\Engine\Mesh\MeshSimplifier.cpp">
      <Filter>Source\Engine\Mesh</Filter>
    </ClCompile>
    <ClCompile Include="Source\Engine\Mesh\ObjImporter.cpp">
      <Filter>Source\Engine\Mesh</Filter>
    </ClCompile>
    <ClCompile Include="Source\Engine\Mesh\ObjManager.cpp">
      <Filter>Source\Engine\Mesh</Filter>
    </ClCompile>
    <ClCompile Include="Source\Engine\Mesh\StaticMesh.cpp">
      <Filter>Source\Engine\Mesh</Filter>
    </ClCompile>
    <ClCompile Include="Source\Engine\Object\FName.cpp">
      <Filter>Source\Engine\Object</Filter>
    </ClCompile>
    <ClCompile Include="Source\Engine\Object\Object.cpp">
      <Filter>Source\Engine\Object</Filter>
    </ClCompile>
    <ClCompile Include="Source\Engine\Object\UUIDGenerator.cpp">
      <Filter>Source\Engine\Object</Filter>
    </ClCompile>
    <ClCompile Include="Source\Engine\Platform\CrashDump.cpp">
      <Filter>Source\Engine\Platform</Filter>
    </ClCompile>
    <ClCompile Include="Source\Engine\Platform\Paths.cpp">
      <Filter>Source\Engine\Platform</Filter>
    </ClCompile>
    <ClCompile Include="Source\Engine\Profiling\GPUProfiler.cpp">
      <Filter>Source\Engine\Profiling</Filter>
    </ClCompile>
    <ClCompile Include="Source\Engine\Profiling\MemoryStats.cpp">
      <Filter>Source\Engine\Profiling</Filter>
    </ClCompile>
    <ClCompile Include="Source\Engine\Profiling\Stats.cpp">
      <Filter>Source\Engine\Profiling</Filter>
    </ClCompile>
    <ClCompile Include="Source\Engine\Profiling\Timer.cpp">
      <Filter>Source\Engine\Profiling</Filter>
    </ClCompile>
    <ClCompile Include="Source\Engine\Render\Batching\FontBatch.cpp">
      <Filter>Source\Engine\Render\Batching</Filter>
    </ClCompile>
    <ClCompile Include="Source\Engine\Render\Batching\LineBatch.cpp">
      <Filter>Source\Engine\Render\Batching</Filter>
    </ClCompile>
    <ClCompile Include="Source\Engine\Render\Builders\DecalDrawCommandBuilder.cpp">
      <Filter>Source\Engine\Render\Builders</Filter>
    </ClCompile>
    <ClCompile Include="Source\Engine\Render\Builders\FullscreenDrawCommandBuilder.cpp">
      <Filter>Source\Engine\Render\Builders</Filter>
    </ClCompile>
    <ClCompile Include="Source\Engine\Render\Builders\LineDrawCommandBuilder.cpp">
      <Filter>Source\Engine\Render\Builders</Filter>
    </ClCompile>
    <ClCompile Include="Source\Engine\Render\Builders\MeshDrawCommandBuilder.cpp">
      <Filter>Source\Engine\Render\Builders</Filter>
    </ClCompile>
    <ClCompile Include="Source\Engine\Render\Builders\TextDrawCommandBuilder.cpp">
      <Filter>Source\Engine\Render\Builders</Filter>
    </ClCompile>
    <ClCompile Include="Source\Engine\Render\Collectors\RenderCollector.cpp">
      <Filter>Source\Engine\Render\Collectors</Filter>
    </ClCompile>
    <ClCompile Include="Source\Engine\Render\Commands\DrawCommandList.cpp">
      <Filter>Source\Engine\Render\Commands</Filter>
    </ClCompile>
    <ClCompile Include="Source\Engine\Render\Core\FrameContext.cpp">
      <Filter>Source\Engine\Render\Core</Filter>
    </ClCompile>
    <ClCompile Include="Source\Engine\Render\Core\PassRenderState.cpp">
      <Filter>Source\Engine\Render\Core</Filter>
    </ClCompile>
    <ClCompile Include="Source\Engine\Render\Core\RenderPassContext.cpp">
      <Filter>Source\Engine\Render\Core</Filter>
    </ClCompile>
    <ClCompile Include="Source\Engine\Render\Debug\DebugDrawQueue.cpp">
      <Filter>Source\Engine\Render\Debug</Filter>
    </ClCompile>
    <ClCompile Include="Source\Engine\Render\Debug\DrawDebugHelpers.cpp">
      <Filter>Source\Engine\Render\Debug</Filter>
    </ClCompile>
    <ClCompile Include="Source\Engine\Render\Execution\RenderPipelineRunner.cpp">
      <Filter>Source\Engine\Render\Execution</Filter>
    </ClCompile>
    <ClCompile Include="Source\Engine\Render\Execution\Renderer.cpp">
      <Filter>Source\Engine\Render\Execution</Filter>
    </ClCompile>
    <ClCompile Include="Source\Engine\Render\Frame\FrameSharedResources.cpp">
      <Filter>Source\Engine\Render\Frame</Filter>
    </ClCompile>
    <ClCompile Include="Source\Engine\Render\Frame\ViewModeSurfaceSet.cpp">
      <Filter>Source\Engine\Render\Frame</Filter>
    </ClCompile>
    <ClCompile Include="Source\Engine\Render\Hardware\Device\D3DDevice.cpp">
      <Filter>Source\Engine\Render\Hardware\Device</Filter>
    </ClCompile>
    <ClCompile Include="Source\Engine\Render\Hardware\Resources\Buffer.cpp">
      <Filter>Source\Engine\Render\Hardware\Resources</Filter>
    </ClCompile>
    <ClCompile Include="Source\Engine\Render\Hardware\Resources\Shader.cpp">
      <Filter>Source\Engine\Render\Hardware\Resources</Filter>
    </ClCompile>
    <ClCompile Include="Source\Engine\Render\Hardware\State\BlendStateManager.cpp">
      <Filter>Source\Engine\Render\Hardware\State</Filter>
    </ClCompile>
    <ClCompile Include="Source\Engine\Render\Hardware\State\DepthStencilStateManager.cpp">
      <Filter>Source\Engine\Render\Hardware\State</Filter>
    </ClCompile>
    <ClCompile Include="Source\Engine\Render\Hardware\State\RasterizerStateManager.cpp">
      <Filter>Source\Engine\Render\Hardware\State</Filter>
    </ClCompile>
    <ClCompile Include="Source\Engine\Render\Passes\Editor\DebugLinePass.cpp">
      <Filter>Source\Engine\Render\Passes\Editor</Filter>
    </ClCompile>
    <ClCompile Include="Source\Engine\Render\Passes\Editor\GizmoPass.cpp">
      <Filter>Source\Engine\Render\Passes\Editor</Filter>
    </ClCompile>
    <ClCompile Include="Source\Engine\Render\Passes\Editor\OutlinePass.cpp">
      <Filter>Source\Engine\Render\Passes\Editor</Filter>
    </ClCompile>
    <ClCompile Include="Source\Engine\Render\Passes\Editor\OverlayTextPass.cpp">
      <Filter>Source\Engine\Render\Passes\Editor</Filter>
    </ClCompile>
    <ClCompile Include="Source\Engine\Render\Passes\Editor\SelectionMaskPass.cpp">
      <Filter>Source\Engine\Render\Passes\Editor</Filter>
    </ClCompile>
    <ClCompile Include="Source\Engine\Render\Passes\Scene\AdditiveDecalPass.cpp">
      <Filter>Source\Engine\Render\Passes\Scene</Filter>
    </ClCompile>
    <ClCompile Include="Source\Engine\Render\Passes\Scene\AlphaBlendPass.cpp">
      <Filter>Source\Engine\Render\Passes\Scene</Filter>
    </ClCompile>
    <ClCompile Include="Source\Engine\Render\Passes\Scene\BaseDrawPass.cpp">
      <Filter>Source\Engine\Render\Passes\Scene</Filter>
    </ClCompile>
    <ClCompile Include="Source\Engine\Render\Passes\Scene\DecalPass.cpp">
      <Filter>Source\Engine\Render\Passes\Scene</Filter>
    </ClCompile>
    <ClCompile Include="Source\Engine\Render\Passes\Scene\DepthPrePass.cpp">
      <Filter>Source\Engine\Render\Passes\Scene</Filter>
    </ClCompile>
    <ClCompile Include="Source\Engine\Render\Passes\Scene\FXAAPass.cpp">
      <Filter>Source\Engine\Render\Passes\Scene</Filter>
    </ClCompile>
    <ClCompile Include="Source\Engine\Render\Passes\Scene\HeightFogPass.cpp">
      <Filter>Source\Engine\Render\Passes\Scene</Filter>
    </ClCompile>
    <ClCompile Include="Source\Engine\Render\Passes\Scene\LightingPass.cpp">
      <Filter>Source\Engine\Render\Passes\Scene</Filter>
    </ClCompile>
    <ClCompile Include="Source\Engine\Render\Passes\Scene\ViewModePostProcessPass.cpp">
      <Filter>Source\Engine\Render\Passes\Scene</Filter>
    </ClCompile>
    <ClCompile Include="Source\Engine\Render\Pipelines\RenderPassRegistry.cpp">
      <Filter>Source\Engine\Render\Pipelines</Filter>
    </ClCompile>
    <ClCompile Include="Source\Engine\Render\Pipelines\RenderPipelineRegistry.cpp">
      <Filter>Source\Engine\Render\Pipelines</Filter>
    </ClCompile>
    <ClCompile Include="Source\Engine\Render\Resource\ConstantBufferPool.cpp">
      <Filter>Source\Engine\Render\Resource</Filter>
    </ClCompile>
    <ClCompile Include="Source\Engine\Render\Resource\MeshBufferManager.cpp">
      <Filter>Source\Engine\Render\Resource</Filter>
    </ClCompile>
    <ClCompile Include="Source\Engine\Render\Resource\ShaderManager.cpp">
      <Filter>Source\Engine\Render\Resource</Filter>
    </ClCompile>
    <ClCompile Include="Source\Engine\Render\Scene\Core\Scene.cpp">
      <Filter>Source\Engine\Render\Scene\Core</Filter>
    </ClCompile>
    <ClCompile Include="Source\Engine\Render\Scene\Proxies\Light\AmbientLightSceneProxy.cpp">
      <Filter>Source\Engine\Render\Scene\Proxies\Light</Filter>
    </ClCompile>
    <ClCompile Include="Source\Engine\Render\Scene\Proxies\Light\DirectionalLightSceneProxy.cpp">
      <Filter>Source\Engine\Render\Scene\Proxies\Light</Filter>
    </ClCompile>
    <ClCompile Include="Source\Engine\Render\Scene\Proxies\Light\LightSceneProxy.cpp">
      <Filter>Source\Engine\Render\Scene\Proxies\Light</Filter>
    </ClCompile>
    <ClCompile Include="Source\Engine\Render\Scene\Proxies\Light\PointLightSceneProxy.cpp">
      <Filter>Source\Engine\Render\Scene\Proxies\Light</Filter>
    </ClCompile>
    <ClCompile Include="Source\Engine\Render\Scene\Proxies\Light\SpotLightSceneProxy.cpp">
      <Filter>Source\Engine\Render\Scene\Proxies\Light</Filter>
    </ClCompile>
    <ClCompile Include="Source\Engine\Render\Scene\Proxies\Primitive\BillboardSceneProxy.cpp">
      <Filter>Source\Engine\Render\Scene\Proxies\Primitive</Filter>
    </ClCompile>
    <ClCompile Include="Source\Engine\Render\Scene\Proxies\Primitive\CylindricalBillboardSceneProxy.cpp">
      <Filter>Source\Engine\Render\Scene\Proxies\Primitive</Filter>
    </ClCompile>
    <ClCompile Include="Source\Engine\Render\Scene\Proxies\Primitive\DecalSceneProxy.cpp">
      <Filter>Source\Engine\Render\Scene\Proxies\Primitive</Filter>
    </ClCompile>
    <ClCompile Include="Source\Engine\Render\Scene\Proxies\Primitive\GizmoSceneProxy.cpp">
      <Filter>Source\Engine\Render\Scene\Proxies\Primitive</Filter>
    </ClCompile>
    <ClCompile Include="Source\Engine\Render\Scene\Proxies\Primitive\PrimitiveSceneProxy.cpp">
      <Filter>Source\Engine\Render\Scene\Proxies\Primitive</Filter>
    </ClCompile>
    <ClCompile Include="Source\Engine\Render\Scene\Proxies\Primitive\StaticMeshSceneProxy.cpp">
      <Filter>Source\Engine\Render\Scene\Proxies\Primitive</Filter>
    </ClCompile>
    <ClCompile Include="Source\Engine\Render\Scene\Proxies\Primitive\SubUVSceneProxy.cpp">
      <Filter>Source\Engine\Render\Scene\Proxies\Primitive</Filter>
    </ClCompile>
    <ClCompile Include="Source\Engine\Render\Scene\Proxies\Primitive\TextRenderSceneProxy.cpp">
      <Filter>Source\Engine\Render\Scene\Proxies\Primitive</Filter>
    </ClCompile>
    <ClCompile Include="Source\Engine\Render\Visibility\ConvexVolume.cpp">
      <Filter>Source\Engine\Render\Visibility</Filter>
    </ClCompile>
    <ClCompile Include="Source\Engine\Render\Visibility\GPUOcclusionCulling.cpp">
      <Filter>Source\Engine\Render\Visibility</Filter>
    </ClCompile>
    <ClCompile Include="Source\Engine\Render\Visibility\OcclusionCulling.cpp">
      <Filter>Source\Engine\Render\Visibility</Filter>
    </ClCompile>
    <ClCompile Include="Source\Engine\Resource\ResourceManager.cpp">
      <Filter>Source\Engine\Resource</Filter>
    </ClCompile>
    <ClCompile Include="Source\Engine\Runtime\Engine.cpp">
      <Filter>Source\Engine\Runtime</Filter>
    </ClCompile>
    <ClCompile Include="Source\Engine\Runtime\EngineLoop.cpp">
      <Filter>Source\Engine\Runtime</Filter>
    </ClCompile>
    <ClCompile Include="Source\Engine\Runtime\Launch.cpp">
      <Filter>Source\Engine\Runtime</Filter>
    </ClCompile>
    <ClCompile Include="Source\Engine\Runtime\WindowsApplication.cpp">
      <Filter>Source\Engine\Runtime</Filter>
    </ClCompile>
    <ClCompile Include="Source\Engine\Runtime\WindowsWindow.cpp">
      <Filter>Source\Engine\Runtime</Filter>
    </ClCompile>
    <ClCompile Include="Source\Engine\Serialization\SceneSaveManager.cpp">
      <Filter>Source\Engine\Serialization</Filter>
    </ClCompile>
    <ClCompile Include="Source\Engine\Texture\Texture2D.cpp">
      <Filter>Source\Engine\Texture</Filter>
    </ClCompile>
    <ClCompile Include="Source\Engine\UI\SSplitter.cpp">
      <Filter>Source\Engine\UI</Filter>
    </ClCompile>
    <ClCompile Include="Source\Engine\UI\SWindow.cpp">
      <Filter>Source\Engine\UI</Filter>
    </ClCompile>
    <ClCompile Include="Source\Engine\Viewport\GameViewportClient.cpp">
      <Filter>Source\Engine\Viewport</Filter>
    </ClCompile>
    <ClCompile Include="Source\Engine\Viewport\Viewport.cpp">
      <Filter>Source\Engine\Viewport</Filter>
    </ClCompile>
    <ClCompile Include="Source\Engine\Viewport\ViewportClient.cpp">
      <Filter>Source\Engine\Viewport</Filter>
    </ClCompile>
    <ClCompile Include="Source\ObjViewer\ObjViewerEngine.cpp">
      <Filter>Source\ObjViewer</Filter>
    </ClCompile>
    <ClCompile Include="Source\ObjViewer\ObjViewerPanel.cpp">
      <Filter>Source\ObjViewer</Filter>
    </ClCompile>
    <ClCompile Include="Source\ObjViewer\ObjViewerRenderPipeline.cpp">
      <Filter>Source\ObjViewer</Filter>
    </ClCompile>
    <ClCompile Include="Source\ObjViewer\ObjViewerViewportClient.cpp">
      <Filter>Source\ObjViewer</Filter>
    </ClCompile>
    <ClCompile Include="ThirdParty\ImGui\imgui.cpp">
      <Filter>ThirdParty\ImGui</Filter>
    </ClCompile>
    <ClCompile Include="ThirdParty\ImGui\imgui_demo.cpp">
      <Filter>ThirdParty\ImGui</Filter>
    </ClCompile>
    <ClCompile Include="ThirdParty\ImGui\imgui_draw.cpp">
      <Filter>ThirdParty\ImGui</Filter>
    </ClCompile>
    <ClCompile Include="ThirdParty\ImGui\imgui_impl_dx11.cpp">
      <Filter>ThirdParty\ImGui</Filter>
    </ClCompile>
    <ClCompile Include="ThirdParty\ImGui\imgui_impl_win32.cpp">
      <Filter>ThirdParty\ImGui</Filter>
    </ClCompile>
    <ClCompile Include="ThirdParty\ImGui\imgui_tables.cpp">
      <Filter>ThirdParty\ImGui</Filter>
    </ClCompile>
    <ClCompile Include="ThirdParty\ImGui\imgui_widgets.cpp">
      <Filter>ThirdParty\ImGui</Filter>
    </ClCompile>
    <ClCompile Include="main.cpp" />
  </ItemGroup>
  <ItemGroup>
    <ClInclude Include="Source\Editor\EditorEngine.h">
      <Filter>Source\Editor</Filter>
    </ClInclude>
    <ClInclude Include="Source\Editor\PIE\PIETypes.h">
      <Filter>Source\Editor\PIE</Filter>
    </ClInclude>
    <ClInclude Include="Source\Editor\Selection\SelectionManager.h">
      <Filter>Source\Editor\Selection</Filter>
    </ClInclude>
    <ClInclude Include="Source\Editor\Settings\EditorSettings.h">
      <Filter>Source\Editor\Settings</Filter>
    </ClInclude>
    <ClInclude Include="Source\Editor\Subsystem\OverlayStatSystem.h">
      <Filter>Source\Editor\Subsystem</Filter>
    </ClInclude>
    <ClInclude Include="Source\Editor\UI\EditorConsolePanel.h">
      <Filter>Source\Editor\UI</Filter>
    </ClInclude>
    <ClInclude Include="Source\Editor\UI\EditorControlPanel.h">
      <Filter>Source\Editor\UI</Filter>
    </ClInclude>
    <ClInclude Include="Source\Editor\UI\EditorDetailsPanel.h">
      <Filter>Source\Editor\UI</Filter>
    </ClInclude>
    <ClInclude Include="Source\Editor\UI\EditorMainPanel.h">
      <Filter>Source\Editor\UI</Filter>
    </ClInclude>
    <ClInclude Include="Source\Editor\UI\EditorMaterialPanel.h">
      <Filter>Source\Editor\UI</Filter>
    </ClInclude>
    <ClInclude Include="Source\Editor\UI\EditorPanel.h">
      <Filter>Source\Editor\UI</Filter>
    </ClInclude>
    <ClInclude Include="Source\Editor\UI\EditorSceneManagerPanel.h">
      <Filter>Source\Editor\UI</Filter>
    </ClInclude>
    <ClInclude Include="Source\Editor\UI\EditorStatPanel.h">
      <Filter>Source\Editor\UI</Filter>
    </ClInclude>
    <ClInclude Include="Source\Editor\UI\EditorToolbarPanel.h">
      <Filter>Source\Editor\UI</Filter>
    </ClInclude>
    <ClInclude Include="Source\Editor\UI\EditorViewportPanel.h">
      <Filter>Source\Editor\UI</Filter>
    </ClInclude>
    <ClInclude Include="Source\Editor\Viewport\EditorViewportClient.h">
      <Filter>Source\Editor\Viewport</Filter>
    </ClInclude>
    <ClInclude Include="Source\Editor\Viewport\FLevelViewportLayout.h">
      <Filter>Source\Editor\Viewport</Filter>
    </ClInclude>
    <ClInclude Include="Source\Editor\Viewport\LevelEditorViewportClient.h">
      <Filter>Source\Editor\Viewport</Filter>
    </ClInclude>
    <ClInclude Include="Source\Engine\Collision\MeshTriangleBVH.h">
      <Filter>Source\Engine\Collision</Filter>
    </ClInclude>
    <ClInclude Include="Source\Engine\Collision\OBB.h">
      <Filter>Source\Engine\Collision</Filter>
    </ClInclude>
    <ClInclude Include="Source\Engine\Collision\Octree.h">
      <Filter>Source\Engine\Collision</Filter>
    </ClInclude>
    <ClInclude Include="Source\Engine\Collision\RayUtils.h">
      <Filter>Source\Engine\Collision</Filter>
    </ClInclude>
    <ClInclude Include="Source\Engine\Collision\RayUtilsSIMD.h">
      <Filter>Source\Engine\Collision</Filter>
    </ClInclude>
    <ClInclude Include="Source\Engine\Collision\SpatialPartition.h">
      <Filter>Source\Engine\Collision</Filter>
    </ClInclude>
    <ClInclude Include="Source\Engine\Collision\WorldPrimitivePickingBVH.h">
      <Filter>Source\Engine\Collision</Filter>
    </ClInclude>
    <ClInclude Include="Source\Engine\Component\ActorComponent.h">
      <Filter>Source\Engine\Component</Filter>
    </ClInclude>
    <ClInclude Include="Source\Engine\Component\AmbientLightComponent.h">
      <Filter>Source\Engine\Component</Filter>
    </ClInclude>
    <ClInclude Include="Source\Engine\Component\BillboardComponent.h">
      <Filter>Source\Engine\Component</Filter>
    </ClInclude>
    <ClInclude Include="Source\Engine\Component\CameraComponent.h">
      <Filter>Source\Engine\Component</Filter>
    </ClInclude>
    <ClInclude Include="Source\Engine\Component\CylindricalBillboardComponent.h">
      <Filter>Source\Engine\Component</Filter>
    </ClInclude>
    <ClInclude Include="Source\Engine\Component\DecalComponent.h">
      <Filter>Source\Engine\Component</Filter>
    </ClInclude>
    <ClInclude Include="Source\Engine\Component\DirectionalLightComponent.h">
      <Filter>Source\Engine\Component</Filter>
    </ClInclude>
    <ClInclude Include="Source\Engine\Component\GizmoComponent.h">
      <Filter>Source\Engine\Component</Filter>
    </ClInclude>
    <ClInclude Include="Source\Engine\Component\HeightFogComponent.h">
      <Filter>Source\Engine\Component</Filter>
    </ClInclude>
    <ClInclude Include="Source\Engine\Component\LightComponent.h">
      <Filter>Source\Engine\Component</Filter>
    </ClInclude>
    <ClInclude Include="Source\Engine\Component\LightComponentBase.h">
      <Filter>Source\Engine\Component</Filter>
    </ClInclude>
    <ClInclude Include="Source\Engine\Component\MeshComponent.h">
      <Filter>Source\Engine\Component</Filter>
    </ClInclude>
    <ClInclude Include="Source\Engine\Component\MovementComponent.h">
      <Filter>Source\Engine\Component</Filter>
    </ClInclude>
    <ClInclude Include="Source\Engine\Component\PendulumMovementComponent.h">
      <Filter>Source\Engine\Component</Filter>
    </ClInclude>
    <ClInclude Include="Source\Engine\Component\PointLightComponent.h">
      <Filter>Source\Engine\Component</Filter>
    </ClInclude>
    <ClInclude Include="Source\Engine\Component\PrimitiveComponent.h">
      <Filter>Source\Engine\Component</Filter>
    </ClInclude>
    <ClInclude Include="Source\Engine\Component\ProjectileMovementComponent.h">
      <Filter>Source\Engine\Component</Filter>
    </ClInclude>
    <ClInclude Include="Source\Engine\Component\RotatingMovementComponent.h">
      <Filter>Source\Engine\Component</Filter>
    </ClInclude>
    <ClInclude Include="Source\Engine\Component\SceneComponent.h">
      <Filter>Source\Engine\Component</Filter>
    </ClInclude>
    <ClInclude Include="Source\Engine\Component\SpotLightComponent.h">
      <Filter>Source\Engine\Component</Filter>
    </ClInclude>
    <ClInclude Include="Source\Engine\Component\StaticMeshComponent.h">
      <Filter>Source\Engine\Component</Filter>
    </ClInclude>
    <ClInclude Include="Source\Engine\Component\SubUVComponent.h">
      <Filter>Source\Engine\Component</Filter>
    </ClInclude>
    <ClInclude Include="Source\Engine\Component\TextRenderComponent.h">
      <Filter>Source\Engine\Component</Filter>
    </ClInclude>
    <ClInclude Include="Source\Engine\Core\ClassTypes.h">
      <Filter>Source\Engine\Core</Filter>
    </ClInclude>
    <ClInclude Include="Source\Engine\Core\CollisionTypes.h">
      <Filter>Source\Engine\Core</Filter>
    </ClInclude>
    <ClInclude Include="Source\Engine\Core\Common.h">
      <Filter>Source\Engine\Core</Filter>
    </ClInclude>
    <ClInclude Include="Source\Engine\Core\CoreTypes.h">
      <Filter>Source\Engine\Core</Filter>
    </ClInclude>
    <ClInclude Include="Source\Engine\Core\EngineTypes.h">
      <Filter>Source\Engine\Core</Filter>
    </ClInclude>
    <ClInclude Include="Source\Engine\Core\PropertyTypes.h">
      <Filter>Source\Engine\Core</Filter>
    </ClInclude>
    <ClInclude Include="Source\Engine\Core\RayTypes.h">
      <Filter>Source\Engine\Core</Filter>
    </ClInclude>
    <ClInclude Include="Source\Engine\Core\ResourceTypes.h">
      <Filter>Source\Engine\Core</Filter>
    </ClInclude>
    <ClInclude Include="Source\Engine\Core\Singleton.h">
      <Filter>Source\Engine\Core</Filter>
    </ClInclude>
    <ClInclude Include="Source\Engine\Core\TickFunction.h">
      <Filter>Source\Engine\Core</Filter>
    </ClInclude>
    <ClInclude Include="Source\Engine\GameFramework\AActor.h">
      <Filter>Source\Engine\GameFramework</Filter>
    </ClInclude>
    <ClInclude Include="Source\Engine\GameFramework\AmbientLightActor.h">
      <Filter>Source\Engine\GameFramework</Filter>
    </ClInclude>
    <ClInclude Include="Source\Engine\GameFramework\DecalActor.h">
      <Filter>Source\Engine\GameFramework</Filter>
    </ClInclude>
    <ClInclude Include="Source\Engine\GameFramework\DirectionalLightActor.h">
      <Filter>Source\Engine\GameFramework</Filter>
    </ClInclude>
    <ClInclude Include="Source\Engine\GameFramework\FakeLightActor.h">
      <Filter>Source\Engine\GameFramework</Filter>
    </ClInclude>
    <ClInclude Include="Source\Engine\GameFramework\FireballActor.h">
      <Filter>Source\Engine\GameFramework</Filter>
    </ClInclude>
    <ClInclude Include="Source\Engine\GameFramework\HeightFogActor.h">
      <Filter>Source\Engine\GameFramework</Filter>
    </ClInclude>
    <ClInclude Include="Source\Engine\GameFramework\Level.h">
      <Filter>Source\Engine\GameFramework</Filter>
    </ClInclude>
    <ClInclude Include="Source\Engine\GameFramework\PointLightActor.h">
      <Filter>Source\Engine\GameFramework</Filter>
    </ClInclude>
    <ClInclude Include="Source\Engine\GameFramework\SpotLightActor.h">
      <Filter>Source\Engine\GameFramework</Filter>
    </ClInclude>
    <ClInclude Include="Source\Engine\GameFramework\StaticMeshActor.h">
      <Filter>Source\Engine\GameFramework</Filter>
    </ClInclude>
    <ClInclude Include="Source\Engine\GameFramework\World.h">
      <Filter>Source\Engine\GameFramework</Filter>
    </ClInclude>
    <ClInclude Include="Source\Engine\GameFramework\WorldContext.h">
      <Filter>Source\Engine\GameFramework</Filter>
    </ClInclude>
    <ClInclude Include="Source\Engine\Input\InputSystem.h">
      <Filter>Source\Engine\Input</Filter>
    </ClInclude>
    <ClInclude Include="Source\Engine\Materials\Material.h">
      <Filter>Source\Engine\Materials</Filter>
    </ClInclude>
    <ClInclude Include="Source\Engine\Materials\MaterialCore.h">
      <Filter>Source\Engine\Materials</Filter>
    </ClInclude>
    <ClInclude Include="Source\Engine\Materials\MaterialManager.h">
      <Filter>Source\Engine\Materials</Filter>
    </ClInclude>
    <ClInclude Include="Source\Engine\Materials\MaterialSemantics.h">
      <Filter>Source\Engine\Materials</Filter>
    </ClInclude>
    <ClInclude Include="Source\Engine\Math\MathUtils.h">
      <Filter>Source\Engine\Math</Filter>
    </ClInclude>
    <ClInclude Include="Source\Engine\Math\Matrix.h">
      <Filter>Source\Engine\Math</Filter>
    </ClInclude>
    <ClInclude Include="Source\Engine\Math\Quat.h">
      <Filter>Source\Engine\Math</Filter>
    </ClInclude>
    <ClInclude Include="Source\Engine\Math\Rotator.h">
      <Filter>Source\Engine\Math</Filter>
    </ClInclude>
    <ClInclude Include="Source\Engine\Math\Transform.h">
      <Filter>Source\Engine\Math</Filter>
    </ClInclude>
    <ClInclude Include="Source\Engine\Math\Vector.h">
      <Filter>Source\Engine\Math</Filter>
    </ClInclude>
    <ClInclude Include="Source\Engine\Mesh\MeshSimplifier.h">
      <Filter>Source\Engine\Mesh</Filter>
    </ClInclude>
    <ClInclude Include="Source\Engine\Mesh\ObjImporter.h">
      <Filter>Source\Engine\Mesh</Filter>
    </ClInclude>
    <ClInclude Include="Source\Engine\Mesh\ObjManager.h">
      <Filter>Source\Engine\Mesh</Filter>
    </ClInclude>
    <ClInclude Include="Source\Engine\Mesh\StaticMesh.h">
      <Filter>Source\Engine\Mesh</Filter>
    </ClInclude>
    <ClInclude Include="Source\Engine\Mesh\StaticMeshAsset.h">
      <Filter>Source\Engine\Mesh</Filter>
    </ClInclude>
    <ClInclude Include="Source\Engine\Object\FName.h">
      <Filter>Source\Engine\Object</Filter>
    </ClInclude>
    <ClInclude Include="Source\Engine\Object\Object.h">
      <Filter>Source\Engine\Object</Filter>
    </ClInclude>
    <ClInclude Include="Source\Engine\Object\ObjectFactory.h">
      <Filter>Source\Engine\Object</Filter>
    </ClInclude>
    <ClInclude Include="Source\Engine\Object\ObjectIterator.h">
      <Filter>Source\Engine\Object</Filter>
    </ClInclude>
    <ClInclude Include="Source\Engine\Object\UClass.h">
      <Filter>Source\Engine\Object</Filter>
    </ClInclude>
    <ClInclude Include="Source\Engine\Object\UUIDGenerator.h">
      <Filter>Source\Engine\Object</Filter>
    </ClInclude>
    <ClInclude Include="Source\Engine\Platform\ConsoleHelper.h">
      <Filter>Source\Engine\Platform</Filter>
    </ClInclude>
    <ClInclude Include="Source\Engine\Platform\CrashDump.h">
      <Filter>Source\Engine\Platform</Filter>
    </ClInclude>
    <ClInclude Include="Source\Engine\Platform\Paths.h">
      <Filter>Source\Engine\Platform</Filter>
    </ClInclude>
    <ClInclude Include="Source\Engine\Profiling\GPUProfiler.h">
      <Filter>Source\Engine\Profiling</Filter>
    </ClInclude>
    <ClInclude Include="Source\Engine\Profiling\MemoryStats.h">
      <Filter>Source\Engine\Profiling</Filter>
    </ClInclude>
    <ClInclude Include="Source\Engine\Profiling\PlatformTime.h">
      <Filter>Source\Engine\Profiling</Filter>
    </ClInclude>
    <ClInclude Include="Source\Engine\Profiling\Stats.h">
      <Filter>Source\Engine\Profiling</Filter>
    </ClInclude>
    <ClInclude Include="Source\Engine\Profiling\Timer.h">
      <Filter>Source\Engine\Profiling</Filter>
    </ClInclude>
    <ClInclude Include="Source\Engine\Render\Batching\BatchBuffer.h">
      <Filter>Source\Engine\Render\Batching</Filter>
    </ClInclude>
    <ClInclude Include="Source\Engine\Render\Batching\FontBatch.h">
      <Filter>Source\Engine\Render\Batching</Filter>
    </ClInclude>
    <ClInclude Include="Source\Engine\Render\Batching\LineBatch.h">
      <Filter>Source\Engine\Render\Batching</Filter>
    </ClInclude>
    <ClInclude Include="Source\Engine\Render\Builders\DecalDrawCommandBuilder.h">
      <Filter>Source\Engine\Render\Builders</Filter>
    </ClInclude>
    <ClInclude Include="Source\Engine\Render\Builders\FullscreenDrawCommandBuilder.h">
      <Filter>Source\Engine\Render\Builders</Filter>
    </ClInclude>
    <ClInclude Include="Source\Engine\Render\Builders\LineDrawCommandBuilder.h">
      <Filter>Source\Engine\Render\Builders</Filter>
    </ClInclude>
    <ClInclude Include="Source\Engine\Render\Builders\MeshDrawCommandBuilder.h">
      <Filter>Source\Engine\Render\Builders</Filter>
    </ClInclude>
    <ClInclude Include="Source\Engine\Render\Builders\TextDrawCommandBuilder.h">
      <Filter>Source\Engine\Render\Builders</Filter>
    </ClInclude>
    <ClInclude Include="Source\Engine\Render\Collectors\RenderCollector.h">
      <Filter>Source\Engine\Render\Collectors</Filter>
    </ClInclude>
    <ClInclude Include="Source\Engine\Render\Commands\DrawCommand.h">
      <Filter>Source\Engine\Render\Commands</Filter>
    </ClInclude>
    <ClInclude Include="Source\Engine\Render\Commands\DrawCommandList.h">
      <Filter>Source\Engine\Render\Commands</Filter>
    </ClInclude>
    <ClInclude Include="Source\Engine\Render\Commands\ShaderBindingSet.h">
      <Filter>Source\Engine\Render\Commands</Filter>
    </ClInclude>
    <ClInclude Include="Source\Engine\Render\Core\FrameContext.h">
      <Filter>Source\Engine\Render\Core</Filter>
    </ClInclude>
    <ClInclude Include="Source\Engine\Render\Core\PassRenderState.h">
      <Filter>Source\Engine\Render\Core</Filter>
    </ClInclude>
    <ClInclude Include="Source\Engine\Render\Core\PassTypes.h">
      <Filter>Source\Engine\Render\Core</Filter>
    </ClInclude>
    <ClInclude Include="Source\Engine\Render\Core\RenderConstants.h">
      <Filter>Source\Engine\Render\Core</Filter>
    </ClInclude>
    <ClInclude Include="Source\Engine\Render\Core\RenderPassContext.h">
      <Filter>Source\Engine\Render\Core</Filter>
    </ClInclude>
    <ClInclude Include="Source\Engine\Render\Core\SortKey.h">
      <Filter>Source\Engine\Render\Core</Filter>
    </ClInclude>
    <ClInclude Include="Source\Engine\Render\Debug\DebugDrawQueue.h">
      <Filter>Source\Engine\Render\Debug</Filter>
    </ClInclude>
    <ClInclude Include="Source\Engine\Render\Debug\DrawDebugHelpers.h">
      <Filter>Source\Engine\Render\Debug</Filter>
    </ClInclude>
    <ClInclude Include="Source\Engine\Render\Debug\RenderMarkers.h">
      <Filter>Source\Engine\Render\Debug</Filter>
    </ClInclude>
    <ClInclude Include="Source\Engine\Render\Execution\LODContext.h">
      <Filter>Source\Engine\Render\Execution</Filter>
    </ClInclude>
    <ClInclude Include="Source\Engine\Render\Execution\PipelineShaderResolver.h">
      <Filter>Source\Engine\Render\Execution</Filter>
    </ClInclude>
    <ClInclude Include="Source\Engine\Render\Execution\RenderPipelineRunner.h">
      <Filter>Source\Engine\Render\Execution</Filter>
    </ClInclude>
    <ClInclude Include="Source\Engine\Render\Execution\Renderer.h">
      <Filter>Source\Engine\Render\Execution</Filter>
    </ClInclude>
    <ClInclude Include="Source\Engine\Render\Frame\FrameSharedResources.h">
      <Filter>Source\Engine\Render\Frame</Filter>
    </ClInclude>
    <ClInclude Include="Source\Engine\Render\Frame\ViewModeSurfaceSet.h">
      <Filter>Source\Engine\Render\Frame</Filter>
    </ClInclude>
    <ClInclude Include="Source\Engine\Render\Hardware\Device\D3DDevice.h">
      <Filter>Source\Engine\Render\Hardware\Device</Filter>
    </ClInclude>
    <ClInclude Include="Source\Engine\Render\Hardware\Resources\Buffer.h">
      <Filter>Source\Engine\Render\Hardware\Resources</Filter>
    </ClInclude>
    <ClInclude Include="Source\Engine\Render\Hardware\Resources\Shader.h">
      <Filter>Source\Engine\Render\Hardware\Resources</Filter>
    </ClInclude>
    <ClInclude Include="Source\Engine\Render\Hardware\State\BlendStateManager.h">
      <Filter>Source\Engine\Render\Hardware\State</Filter>
    </ClInclude>
    <ClInclude Include="Source\Engine\Render\Hardware\State\DepthStencilStateManager.h">
      <Filter>Source\Engine\Render\Hardware\State</Filter>
    </ClInclude>
    <ClInclude Include="Source\Engine\Render\Hardware\State\RasterizerStateManager.h">
      <Filter>Source\Engine\Render\Hardware\State</Filter>
    </ClInclude>
    <ClInclude Include="Source\Engine\Render\Passes\RenderPass.h">
      <Filter>Source\Engine\Render\Passes</Filter>
    </ClInclude>
    <ClInclude Include="Source\Engine\Render\Passes\Editor\DebugLinePass.h">
      <Filter>Source\Engine\Render\Passes\Editor</Filter>
    </ClInclude>
    <ClInclude Include="Source\Engine\Render\Passes\Editor\GizmoPass.h">
      <Filter>Source\Engine\Render\Passes\Editor</Filter>
    </ClInclude>
    <ClInclude Include="Source\Engine\Render\Passes\Editor\OutlinePass.h">
      <Filter>Source\Engine\Render\Passes\Editor</Filter>
    </ClInclude>
    <ClInclude Include="Source\Engine\Render\Passes\Editor\OverlayTextPass.h">
      <Filter>Source\Engine\Render\Passes\Editor</Filter>
    </ClInclude>
    <ClInclude Include="Source\Engine\Render\Passes\Editor\SelectionMaskPass.h">
      <Filter>Source\Engine\Render\Passes\Editor</Filter>
    </ClInclude>
    <ClInclude Include="Source\Engine\Render\Passes\Scene\AdditiveDecalPass.h">
      <Filter>Source\Engine\Render\Passes\Scene</Filter>
    </ClInclude>
    <ClInclude Include="Source\Engine\Render\Passes\Scene\AlphaBlendPass.h">
      <Filter>Source\Engine\Render\Passes\Scene</Filter>
    </ClInclude>
    <ClInclude Include="Source\Engine\Render\Passes\Scene\BaseDrawPass.h">
      <Filter>Source\Engine\Render\Passes\Scene</Filter>
    </ClInclude>
    <ClInclude Include="Source\Engine\Render\Passes\Scene\DecalPass.h">
      <Filter>Source\Engine\Render\Passes\Scene</Filter>
    </ClInclude>
    <ClInclude Include="Source\Engine\Render\Passes\Scene\DepthPrePass.h">
      <Filter>Source\Engine\Render\Passes\Scene</Filter>
    </ClInclude>
    <ClInclude Include="Source\Engine\Render\Passes\Scene\FXAAPass.h">
      <Filter>Source\Engine\Render\Passes\Scene</Filter>
    </ClInclude>
    <ClInclude Include="Source\Engine\Render\Passes\Scene\HeightFogPass.h">
      <Filter>Source\Engine\Render\Passes\Scene</Filter>
    </ClInclude>
    <ClInclude Include="Source\Engine\Render\Passes\Scene\LightingPass.h">
      <Filter>Source\Engine\Render\Passes\Scene</Filter>
    </ClInclude>
    <ClInclude Include="Source\Engine\Render\Passes\Scene\ViewModePostProcessPass.h">
      <Filter>Source\Engine\Render\Passes\Scene</Filter>
    </ClInclude>
    <ClInclude Include="Source\Engine\Render\Passes\Shared\FullscreenPassBase.h">
      <Filter>Source\Engine\Render\Passes\Shared</Filter>
    </ClInclude>
    <ClInclude Include="Source\Engine\Render\Passes\Shared\MeshPassBase.h">
      <Filter>Source\Engine\Render\Passes\Shared</Filter>
    </ClInclude>
    <ClInclude Include="Source\Engine\Render\Pipelines\RenderPassRegistry.h">
      <Filter>Source\Engine\Render\Pipelines</Filter>
    </ClInclude>
    <ClInclude Include="Source\Engine\Render\Pipelines\RenderPipelineRegistry.h">
      <Filter>Source\Engine\Render\Pipelines</Filter>
    </ClInclude>
    <ClInclude Include="Source\Engine\Render\Pipelines\RenderPipelineType.h">
      <Filter>Source\Engine\Render\Pipelines</Filter>
    </ClInclude>
    <ClInclude Include="Source\Engine\Render\Resource\ConstantBufferPool.h">
      <Filter>Source\Engine\Render\Resource</Filter>
    </ClInclude>
    <ClInclude Include="Source\Engine\Render\Resource\MeshBufferManager.h">
      <Filter>Source\Engine\Render\Resource</Filter>
    </ClInclude>
    <ClInclude Include="Source\Engine\Render\Resource\ShaderManager.h">
      <Filter>Source\Engine\Render\Resource</Filter>
    </ClInclude>
    <ClInclude Include="Source\Engine\Render\Resource\ShaderVariantCache.h">
      <Filter>Source\Engine\Render\Resource</Filter>
    </ClInclude>
    <ClInclude Include="Source\Engine\Render\Scene\Core\DirtyFlag.h">
      <Filter>Source\Engine\Render\Scene\Core</Filter>
    </ClInclude>
    <ClInclude Include="Source\Engine\Render\Scene\Core\Scene.h">
      <Filter>Source\Engine\Render\Scene\Core</Filter>
    </ClInclude>
    <ClInclude Include="Source\Engine\Render\Scene\Proxies\Light\AmbientLightSceneProxy.h">
      <Filter>Source\Engine\Render\Scene\Proxies\Light</Filter>
    </ClInclude>
    <ClInclude Include="Source\Engine\Render\Scene\Proxies\Light\DirectionalLightSceneProxy.h">
      <Filter>Source\Engine\Render\Scene\Proxies\Light</Filter>
    </ClInclude>
    <ClInclude Include="Source\Engine\Render\Scene\Proxies\Light\LightSceneProxy.h">
      <Filter>Source\Engine\Render\Scene\Proxies\Light</Filter>
    </ClInclude>
    <ClInclude Include="Source\Engine\Render\Scene\Proxies\Light\PointLightSceneProxy.h">
      <Filter>Source\Engine\Render\Scene\Proxies\Light</Filter>
    </ClInclude>
    <ClInclude Include="Source\Engine\Render\Scene\Proxies\Light\SpotLightSceneProxy.h">
      <Filter>Source\Engine\Render\Scene\Proxies\Light</Filter>
    </ClInclude>
    <ClInclude Include="Source\Engine\Render\Scene\Proxies\Primitive\BillboardSceneProxy.h">
      <Filter>Source\Engine\Render\Scene\Proxies\Primitive</Filter>
    </ClInclude>
    <ClInclude Include="Source\Engine\Render\Scene\Proxies\Primitive\CylindricalBillboardSceneProxy.h">
      <Filter>Source\Engine\Render\Scene\Proxies\Primitive</Filter>
    </ClInclude>
    <ClInclude Include="Source\Engine\Render\Scene\Proxies\Primitive\DecalSceneProxy.h">
      <Filter>Source\Engine\Render\Scene\Proxies\Primitive</Filter>
    </ClInclude>
    <ClInclude Include="Source\Engine\Render\Scene\Proxies\Primitive\GizmoSceneProxy.h">
      <Filter>Source\Engine\Render\Scene\Proxies\Primitive</Filter>
    </ClInclude>
    <ClInclude Include="Source\Engine\Render\Scene\Proxies\Primitive\PrimitiveSceneProxy.h">
      <Filter>Source\Engine\Render\Scene\Proxies\Primitive</Filter>
    </ClInclude>
    <ClInclude Include="Source\Engine\Render\Scene\Proxies\Primitive\StaticMeshSceneProxy.h">
      <Filter>Source\Engine\Render\Scene\Proxies\Primitive</Filter>
    </ClInclude>
    <ClInclude Include="Source\Engine\Render\Scene\Proxies\Primitive\SubUVSceneProxy.h">
      <Filter>Source\Engine\Render\Scene\Proxies\Primitive</Filter>
    </ClInclude>
    <ClInclude Include="Source\Engine\Render\Scene\Proxies\Primitive\TextRenderSceneProxy.h">
      <Filter>Source\Engine\Render\Scene\Proxies\Primitive</Filter>
    </ClInclude>
    <ClInclude Include="Source\Engine\Render\Types\FogParams.h">
      <Filter>Source\Engine\Render\Types</Filter>
    </ClInclude>
    <ClInclude Include="Source\Engine\Render\Types\RenderStateTypes.h">
      <Filter>Source\Engine\Render\Types</Filter>
    </ClInclude>
    <ClInclude Include="Source\Engine\Render\Types\RenderTypes.h">
      <Filter>Source\Engine\Render\Types</Filter>
    </ClInclude>
    <ClInclude Include="Source\Engine\Render\Types\ShadingTypes.h">
      <Filter>Source\Engine\Render\Types</Filter>
    </ClInclude>
    <ClInclude Include="Source\Engine\Render\Types\VertexTypes.h">
      <Filter>Source\Engine\Render\Types</Filter>
    </ClInclude>
    <ClInclude Include="Source\Engine\Render\Types\ViewTypes.h">
      <Filter>Source\Engine\Render\Types</Filter>
    </ClInclude>
    <ClInclude Include="Source\Engine\Render\Visibility\ConvexVolume.h">
      <Filter>Source\Engine\Render\Visibility</Filter>
    </ClInclude>
    <ClInclude Include="Source\Engine\Render\Visibility\GPUOcclusionCulling.h">
      <Filter>Source\Engine\Render\Visibility</Filter>
    </ClInclude>
    <ClInclude Include="Source\Engine\Render\Visibility\OcclusionCulling.h">
      <Filter>Source\Engine\Render\Visibility</Filter>
    </ClInclude>
    <ClInclude Include="Source\Engine\Resource\ResourceManager.h">
      <Filter>Source\Engine\Resource</Filter>
    </ClInclude>
    <ClInclude Include="Source\Engine\Runtime\Engine.h">
      <Filter>Source\Engine\Runtime</Filter>
    </ClInclude>
    <ClInclude Include="Source\Engine\Runtime\EngineLoop.h">
      <Filter>Source\Engine\Runtime</Filter>
    </ClInclude>
    <ClInclude Include="Source\Engine\Runtime\Launch.h">
      <Filter>Source\Engine\Runtime</Filter>
    </ClInclude>
    <ClInclude Include="Source\Engine\Runtime\WindowsApplication.h">
      <Filter>Source\Engine\Runtime</Filter>
    </ClInclude>
    <ClInclude Include="Source\Engine\Runtime\WindowsWindow.h">
      <Filter>Source\Engine\Runtime</Filter>
    </ClInclude>
    <ClInclude Include="Source\Engine\Runtime\resource.h">
      <Filter>Source\Engine\Runtime</Filter>
    </ClInclude>
    <ClInclude Include="Source\Engine\Serialization\Archive.h">
      <Filter>Source\Engine\Serialization</Filter>
    </ClInclude>
    <ClInclude Include="Source\Engine\Serialization\MemoryArchive.h">
      <Filter>Source\Engine\Serialization</Filter>
    </ClInclude>
    <ClInclude Include="Source\Engine\Serialization\SceneSaveManager.h">
      <Filter>Source\Engine\Serialization</Filter>
    </ClInclude>
    <ClInclude Include="Source\Engine\Serialization\WindowsArchive.h">
      <Filter>Source\Engine\Serialization</Filter>
    </ClInclude>
    <ClInclude Include="Source\Engine\Texture\Texture2D.h">
      <Filter>Source\Engine\Texture</Filter>
    </ClInclude>
    <ClInclude Include="Source\Engine\UI\SSplitter.h">
      <Filter>Source\Engine\UI</Filter>
    </ClInclude>
    <ClInclude Include="Source\Engine\UI\SWidget.h">
      <Filter>Source\Engine\UI</Filter>
    </ClInclude>
    <ClInclude Include="Source\Engine\UI\SWindow.h">
      <Filter>Source\Engine\UI</Filter>
    </ClInclude>
    <ClInclude Include="Source\Engine\Viewport\GameViewportClient.h">
      <Filter>Source\Engine\Viewport</Filter>
    </ClInclude>
    <ClInclude Include="Source\Engine\Viewport\Viewport.h">
      <Filter>Source\Engine\Viewport</Filter>
    </ClInclude>
    <ClInclude Include="Source\Engine\Viewport\ViewportClient.h">
      <Filter>Source\Engine\Viewport</Filter>
    </ClInclude>
    <ClInclude Include="Source\ObjViewer\ObjViewerEngine.h">
      <Filter>Source\ObjViewer</Filter>
    </ClInclude>
    <ClInclude Include="Source\ObjViewer\ObjViewerPanel.h">
      <Filter>Source\ObjViewer</Filter>
    </ClInclude>
    <ClInclude Include="Source\ObjViewer\ObjViewerRenderPipeline.h">
      <Filter>Source\ObjViewer</Filter>
    </ClInclude>
    <ClInclude Include="Source\ObjViewer\ObjViewerViewportClient.h">
      <Filter>Source\ObjViewer</Filter>
    </ClInclude>
    <ClInclude Include="ThirdParty\ImGui\imconfig.h">
      <Filter>ThirdParty\ImGui</Filter>
    </ClInclude>
    <ClInclude Include="ThirdParty\ImGui\imgui.h">
      <Filter>ThirdParty\ImGui</Filter>
    </ClInclude>
    <ClInclude Include="ThirdParty\ImGui\imgui_impl_dx11.h">
      <Filter>ThirdParty\ImGui</Filter>
    </ClInclude>
    <ClInclude Include="ThirdParty\ImGui\imgui_impl_win32.h">
      <Filter>ThirdParty\ImGui</Filter>
    </ClInclude>
    <ClInclude Include="ThirdParty\ImGui\imgui_internal.h">
      <Filter>ThirdParty\ImGui</Filter>
    </ClInclude>
    <ClInclude Include="ThirdParty\ImGui\imstb_rectpack.h">
      <Filter>ThirdParty\ImGui</Filter>
    </ClInclude>
    <ClInclude Include="ThirdParty\ImGui\imstb_textedit.h">
      <Filter>ThirdParty\ImGui</Filter>
    </ClInclude>
    <ClInclude Include="ThirdParty\ImGui\imstb_truetype.h">
      <Filter>ThirdParty\ImGui</Filter>
    </ClInclude>
    <ClInclude Include="ThirdParty\SimpleJSON\json.hpp">
      <Filter>ThirdParty\SimpleJSON</Filter>
    </ClInclude>
  </ItemGroup>
  <ItemGroup>
    <ResourceCompile Include="KraftonEngine.rc" />
  </ItemGroup>
</Project>
